{
  "version": 4,
  "terraform_version": "1.9.5",
  "serial": 21,
  "lineage": "a3ca147d-33a3-f4ed-9e02-47d7915ea4b2",
  "outputs": {
    "acr_login_server": {
      "value": "airoomiecheck.azurecr.io",
      "type": "string"
    },
    "acr_password": {
      "value": "0XYpHDjEsYdcu/8Sa9kV5jIenQKNkNdPDYiwsvbT9i+ACRCgkiZo",
      "type": "string",
      "sensitive": true
    },
    "acr_username": {
      "value": "airoomiecheck",
      "type": "string",
      "sensitive": true
    },
    "azure_client_id": {
      "value": "9a117af5-9918-40a8-9e15-562326537d09",
      "type": "string",
      "sensitive": true
    },
    "azure_client_secret": {
      "value": "W0a8Q~97aU4fLMBqJ5kJrgpW7hPsuAAfvEKGHaJz",
      "type": "string",
      "sensitive": true
    },
    "azure_tenant_id": {
      "value": "0f70851e-ec4b-4015-938b-fc12bae83a9b",
      "type": "string",
      "sensitive": true
    },
    "file_share_name": {
      "value": "common",
      "type": "string"
    },
    "kube_config": {
      "value": "apiVersion: v1\nclusters:\n- cluster:\n    certificate-authority-data: LS0tLS1CRUdJTiBDRVJUSUZJQ0FURS0tLS0tCk1JSUU2VENDQXRHZ0F3SUJBZ0lSQU1CbDd0Q3dBZTNPNUF1UHIzdnAxMjh3RFFZSktvWklodmNOQVFFTEJRQXcKRFRFTE1Ba0dBMVVFQXhNQ1kyRXdJQmNOTWpReE1qRXlNVGN5TnpFNFdoZ1BNakExTkRFeU1USXhOek0zTVRoYQpNQTB4Q3pBSkJnTlZCQU1UQW1OaE1JSUNJakFOQmdrcWhraUc5dzBCQVFFRkFBT0NBZzhBTUlJQ0NnS0NBZ0VBCnp2SGgzQ0MzUE9VTzlwRDAyenNLbTN6TXBlOXdGUnFRS0ZoNTNWMllOeGExSkFkaUxxNzlZYngzeGlJUGpCZzAKYzlGU0dFU1NoN2E2eFBQR2V4TUkyUlJFRDd0RHp6MEdYbzU0dnZ1MGJVUDdkMTNaUmpEcDlER2NGdzlRWEp2VwpZMjdmT1gvTlJJWjJrSndQMUxNWkhqTHRRSzZGVXl2eGxvTzNUeFlRV1Y5Q0NxZmtibkdDcGhWSS9TRWtBbzNNCkhIZ293VnNLWnpCY2VBTndSSHdiYXJINkNjUkpTTU1QMUJ6RU9QQTJBTytINmc4cyt0NTgvS2pZdlBma0VDN3UKZlhyUityRzczaFhBVWtYQk5oWGN3dmF4VXBVeEs5MERuVEQ1ckxjMFg5eTAyL2dMdUJGY2NZL0ZtTmZ0R0V0NApMMkl2YTNJTTVVb0Fld0tGSHdtN0NCeUUzTHl1Q2pnZnJSOGszcHJ5UE5Oak1LWWJRa0Y5ZnlhaFEzaW1zUEJkCm9XcGx5U1M5SVF4VmhTczE1NFY4cWVDQ01DY0hUdy90NE1VOGhPcS9ONWU5a0w3bUNPZ2IrMDVsM25ZVlpnUW4KU2Q1T3VMOGRQYXNkQlNwNTN2UC9oSGZWdm5XbnA5R0Z3VFp0SHhEN0c4MGZoZlVSMjhXaFdPa3UwbVgvemFSNgpUY0pjVUJLWGFrRWdGdG1PQ21OdWdyOFYxTjU2YStlZ3puNDdyU2RWNXVjZ04ybi9XZXk2TjlIeEQrZ2FvYUJECkNKN0JGQW5jVVc0UXh3YVEyZGhuZzNzMTMwdFh5Mk5vNVpPdEZ1UytFTGc5TlJyOFZIVWU0Ymd0TW4yd2hkRFIKS2dac1d2aXR1TmZUb205UExGWWNDODN4QUlzWVFiUHloZ1ExN3Jmem1VRUNBd0VBQWFOQ01FQXdEZ1lEVlIwUApBUUgvQkFRREFnS2tNQThHQTFVZEV3RUIvd1FGTUFNQkFmOHdIUVlEVlIwT0JCWUVGTFp1VENVb3R4OFY1T3ZOClRQNDhHRzJPdWgvdk1BMEdDU3FHU0liM0RRRUJDd1VBQTRJQ0FRQzVtOEhIUmVKVnRhWi9HR3l3Szg3OFR5NUEKNS9ibjAwUEcxdkxXVjg0WlpWcnh0cFlZUE1mS21zdS9kRUQ5Y1RRNFhyYmtHNFF0TWdXL2lpNUIvZFVEaXRNSwpzMXBTZ20wNWJQc3I5R3dEN21iZjdudEV2ZGNGcEhMMXd0OFNmbU03dTlwQWtETkJveklpb2wyTGdXR2pPanFyCnAwMk0yVy9lZmVLSy9Fa0hyTDN1ZmsxNXBCSEYrTGhKL1NiZUpya2VPbHp3TXdzWjBxaUt2NEY4eHNmU0N5NkkKTG5oMVduS3kzd2Z5ZU5Ra1ladUFBVjdwR2lMSlhabjAxR2FXUGdsUlV5ZnpINk0rR3FQZ0NEdWhUNm5DcklLZQpEV29hQ0JlZjhmaGxaMm5xSzhLcG1MMFdtdkx0UzRvTlB5akZkMFRkNWhBczRwTHN5R3FGZTNZQldZbXIvZXF5CmEzZTJnRW1rUUhqM0NwRUxIUVhXaUNGcFMxK0ZpbGtIV3pyOGxjOGhrUnJ6SW5wa0dLSW1SQVM1YWMrbjJQMkEKbEpOdlBLekplM0ZZbjR2UHovVTBFVjFQK1RTM1F0cmN0VG1qOHhVV1ptbm5yM3A0azBzOEN6eVJnTnZ5YjZacwppNkJaYjRZWDZkUS9wcUtvOHFPU2UrTXZkcDBJbStFbjh4UThkUnF4eVdJT08wUUI3UU9YQjdQbWF1ZU1qRTlOClVSbEJFWGUrSHgycXZpK2htdjVJVDhwR0FpYnUrY2lCNGQ0NzNqMVBQN1I2QWZGVm93YWl0Z3VFM1dNNDJWczYKblcwK3pvV3JBN2I3enlSeTZUbFk3YXNvRnc5dUpVeEs3VGJXbC9iemlBUFVLQ3ByQXZpeWUzSEsxWlR2R0wvYgprelJGSUZxZC94Ym8xRzZiZFE9PQotLS0tLUVORCBDRVJUSUZJQ0FURS0tLS0tCg==\n    server: https://aks-w4q3rc8f.hcp.uksouth.azmk8s.io:443\n  name: aks\ncontexts:\n- context:\n    cluster: aks\n    user: clusterUser_ai-roomiecheck_aks\n  name: aks\ncurrent-context: aks\nkind: Config\npreferences: {}\nusers:\n- name: clusterUser_ai-roomiecheck_aks\n  user:\n    client-certificate-data: LS0tLS1CRUdJTiBDRVJUSUZJQ0FURS0tLS0tCk1JSUZIVENDQXdXZ0F3SUJBZ0lRRjJnUmJYUW9ZcFFjKzM1bmt6bk1NREFOQmdrcWhraUc5dzBCQVFzRkFEQU4KTVFzd0NRWURWUVFERXdKallUQWVGdzB5TkRFeU1USXhOekkzTVRoYUZ3MHlOakV5TVRJeE56TTNNVGhhTURBeApGekFWQmdOVkJBb1REbk41YzNSbGJUcHRZWE4wWlhKek1SVXdFd1lEVlFRREV3eHRZWE4wWlhKamJHbGxiblF3CmdnSWlNQTBHQ1NxR1NJYjNEUUVCQVFVQUE0SUNEd0F3Z2dJS0FvSUNBUURXVkMwRFcxUzltNTU5TGFub2hiZTYKamdJU0l0RUxrUVpBc3FSV1VpWTB3alhRWnBKem1mMkVlT3JFUytFQ0p3Qk9kY1Z5bHJSVVMydnlhMjJjRGN1VgprYzRqWWViQ21OcUhRWVFpRi9uS3VZU05iaFZkYUx1cjB6NmVnajN6aTlUSXNkWUp0Z1g4MHRudUdlcEhIS21QClE3OEVDVkJWUi9US0pNODJpcWJwa0FKdnFGWGFuZEdVbGp2SytWcnVyQnV4cGl2OW53OWFlZkR0WkJPTVhuOEUKNU1hNXNYUFYwUFBNNFBvZUdhcmlGMzV1VXYrZmRxeUZ1SjcyVEhtQlVibEJxNWtNVnRXV1UyRm9BVm5TaGtKaQoyRDF1bXg3OUgwT0s1Q0ZNdDRGRXFVOTg1QTNBSjFJQ2tpeEVJeG4vNnpYcVIyUUNYdmd6clUvVWxGaUJOWnI4CnFFR25WbTRnbjZYaEdBWEI5NVN6c3ZDbnoveDRBVVZ4clRXeisxdjdWOFIxUTdBd212MjZhZTUvK1l1WE5pSVQKajJJQU44Y2Z6UzNTNkJjbGNRbEVHYzBFdnR3bVlES2UrZWY5V3dRZDRNOVl3MmI5OEdIamJ6KzFUQTkxK3hZRgo5b1hIbnV5L1dJcG9SYjRvV2NGcGZSR2NzT3h5d0IxU042R0E2LzBGWHExb3pFdUloeTNDTnMwcW8zRDZlZ2llCkhzTTBXU2FMdjE5UEgxc3pMYUl5ZFZFVnNDR1pCZ2crTkhMcmh1S3ZLSTRuVWkreFE5cnJ0U2d2dUJLcU1aaW8Ka0RSLzVlU0ErMmJKWGNFTDdJL2FwZHQwQ1o0U3VHTFlZaXMxS3kvQXduSWlIaGp1MmZ3S21HKzRkUlJhYnZMbgpwVkJ5cVR6S01MblJFSTNOVUphdWV3SURBUUFCbzFZd1ZEQU9CZ05WSFE4QkFmOEVCQU1DQmFBd0V3WURWUjBsCkJBd3dDZ1lJS3dZQkJRVUhBd0l3REFZRFZSMFRBUUgvQkFJd0FEQWZCZ05WSFNNRUdEQVdnQlMyYmt3bEtMY2YKRmVUcnpVeitQQmh0anJvZjd6QU5CZ2txaGtpRzl3MEJBUXNGQUFPQ0FnRUFIMFYzR2ljSi9lZzdvUU9QNW96eQp2SkNjNzVoZ1krTm9qb3hCTkhGWlMydUdHSTVNZVdIR1FHeGsyTldZZVR0OXJjVXBZNjZFK3pGRkZDc1BFQVQ1Clo3UlUrVjBZQThEUEJoUTFxYnRUSXBrRERabHlEcHZLUVBaa1JvUVJPQ3VGU2sxRi9LbnJudWMvdHNRK05wOXoKWmFpcVVsd2hKcHk3YVN6S2pSdWQwNXlhSVRhZ1JNV1g2WFI3RUZXcDd0QjFHTkZqQ3dOeGdUYXZvK1UxQTZQdgo0TXNybU5ld051eFBSblVWVHp5VS9udlA0d2IxMkl4WnpoYXRQMVJ4WWcyTGtHQXBaV3dKWktIMEhUVUhrcGZyCml5dlVPQ0pqdzBPdDFRTTRFSFJ2ci9lcUdKWHNJZUZNQTFhQ1ZpK0FJamIyYUpRTGc3QzRFZ2U3VjAzeFJDUWYKcDZuVVhHRXhwN3M3eVJzQVNpZGlxdnk2WUhOd3dxdUxhc2ttYW84V3Iwa3I2dlluQXJpMDd2NEdGS0dwWWdTWAo3M2NCNkxLMzZuZFZBdFJQNFNzeHhKd25odStVazcya0c2UGM0OXhHV1FpUjRMQWhKdTNOeDlRRzJDNTA5T1JoCjVGZmJ1aHNXNzU2a1YvNzhydTJtK3YzazlaUmRpb05kdm50M3ozdGNNSXlwM2sraFhLWHhpWktIUFl5aEpyNU0KYnBzYmNZMWh6SG9Yd2sxQVBIbFBrYU5yeU9kLzh4NFlML01CMG1Nc3B2VTBuZCtma2Nxbzd1RUxwS1c1YXQwbgpmMkRvUXI5Q01GWDhselpCSHJFVTZHeXdROTJoTHYzVWMxUlRpMDRuUGpzN1ozQjA2Rm9LZHVEN1pRRW1NNzhuCkdDSktQV1UzSFRvdEtxS2tUN1E2YkJBPQotLS0tLUVORCBDRVJUSUZJQ0FURS0tLS0tCg==\n    client-key-data: LS0tLS1CRUdJTiBSU0EgUFJJVkFURSBLRVktLS0tLQpNSUlKS0FJQkFBS0NBZ0VBMWxRdEExdFV2WnVlZlMycDZJVzN1bzRDRWlMUkM1RUdRTEtrVmxJbU5NSTEwR2FTCmM1bjloSGpxeEV2aEFpY0FUblhGY3BhMFZFdHI4bXR0bkEzTGxaSE9JMkhtd3BqYWgwR0VJaGY1eXJtRWpXNFYKWFdpN3E5TStub0k5ODR2VXlMSFdDYllGL05MWjdobnFSeHlwajBPL0JBbFFWVWYweWlUUE5vcW02WkFDYjZoVgoycDNSbEpZN3l2bGE3cXdic2FZci9aOFBXbm53N1dRVGpGNS9CT1RHdWJGejFkRHp6T0Q2SGhtcTRoZCtibEwvCm4zYXNoYmllOWt4NWdWRzVRYXVaREZiVmxsTmhhQUZaMG9aQ1l0ZzlicHNlL1I5RGl1UWhUTGVCUktsUGZPUU4Kd0NkU0FwSXNSQ01aLytzMTZrZGtBbDc0TTYxUDFKUllnVFdhL0toQnAxWnVJSitsNFJnRndmZVVzN0x3cDgvOAplQUZGY2EwMXMvdGIrMWZFZFVPd01Kcjl1bW51Zi9tTGx6WWlFNDlpQURmSEg4MHQwdWdYSlhFSlJCbk5CTDdjCkptQXludm5uL1ZzRUhlRFBXTU5tL2ZCaDQyOC90VXdQZGZzV0JmYUZ4NTdzdjFpS2FFVytLRm5CYVgwUm5MRHMKY3NBZFVqZWhnT3Y5QlY2dGFNeExpSWN0d2piTktxTncrbm9Jbmg3RE5Ga21pNzlmVHg5Yk15MmlNblZSRmJBaAptUVlJUGpSeTY0YmlyeWlPSjFJdnNVUGE2N1VvTDdnU3FqR1lxSkEwZitYa2dQdG15VjNCQyt5UDJxWGJkQW1lCkVyaGkyR0lyTlNzdndNSnlJaDRZN3RuOENwaHZ1SFVVV203eTU2VlFjcWs4eWpDNTBSQ056VkNXcm5zQ0F3RUEKQVFLQ0FnQVo4bXJZb3kvcEhIUGRkNi9BSktBUGg2MmNnSGFLVGU1UjJzNm1YSitmZDN1SVZVS1ptQ1RtNnJTUgpPeFpzYWtoUk4xVEdBSlNvTjlGRHNkbTlNTFphenlJRGlwQ2pNbG9TVWM0clNuZkZJUng0K3NDL1pEU0VJcmpMCis3eUFSWWRuSEpCcThJeGRCVEc0NzQ0N09hOFZWd0JDL3RXbzNXTTNMYW1nVXJ6T1BjN3RzWlZqT0FQdFZ4cTYKQWVJT1R1dXpZQWluVmFCSU5jY0RGa0IvbDlrTXdKMkdVWU5TZVU5cW1EbnZkdkFIR3cwRlVpcjhKU1BSdEg0YQpGendHZWR4UnBQS01XZDdWcWhaNnZ0OGU2MzRSOVZmS2tpRDRSOWFuYytMTUpOTVRldVBTbk5GRlYvMUhybWFKCmdTNWVteDBWMWJxM3hzT0pqZ3ZDRW90OGFQN3dLcDl1bnNCcnlFUzVwZko1ZEszTG45MS9BdmtOL1hNSGJVeTUKTHRqaHVkVitWcjY3RzBGRXpKYnRrclhCU01RcS8vQU5kOHE0TzNySmZqaEUyM2JnZ3FPNFZwNDlHOG1sUHVsQwpsUGJnMUpLUHlLc0lVUnNUWkxCbnAzWTFmaURyT2gxTnRrRGZsYnBGNFFXcGJLZEVVSmhnWDdhamIwVFAvMytqCktLSGNZSnlPc0JzblFFQ2dGaHBibGpLNGl3NU9maTJEQ0J6dUhQTWh6c2dvVTVpRmd4SUp1ODgrb1lsUDNuZTIKdUlScEVIZldnV1JTZFlsZkp1bE9VUTJoVWxtVzJ1eERxRkc4aVdNVThGVnJuUHc2ZE9qb3IrQWFYZTVOWS9DYQpGRVdNTE52eVZsbFVPanJ6UStnNHRRZGNCTkN0dGc2dnhGQmlKM0lkYTF2MnM4UUhjUUtDQVFFQStrYUxGa0tKCjNESzEwQ283K3VTSHpiWWwrU2IrMjJxZEJVVDVzRUdpVDdoalpMVlZHUmx6QWFrakpKVUNVbFRYRTJhTW9xQkYKdDFNMkNya0tsZzNQRmU4NjN5VTYxYks5L2Q4Zm5MNHJiU2pTRUp4bm1BaVdoYXFYcEV6V2hYYU9aMHJZck5VMAowcTJLUnUyWGZwR3NFSXdCTDBIZDJXVGIwc012YnV0MkFuSFFoM0hYNzZLUUR6eWhSTjdKL004cGsyNFYxL29ZCllvZlZsNWw5Q3RwREVHdFNOb0ZscVZ1SVFIWUt6TFJGSVQvRWpRblNaZW1rRXFpVktlaDJsQUxDKzB4VlN2K2IKbWxFcnpGemUvYjl0blVNTldubEdudGk4MTU0djhxTnAwNGZISjJ1OXhtYXhHeE9OOUFYM3UwRnlDdytuaFd4MgpjUmg2bXZZbXZzdmNUUUtDQVFFQTJ6c21vbXRrN0JiQzZQMnVKMDIvOFpVbG0zWkJ3MGZ0TzNUZjNYWFdFblpJCjJFeHVZakczVDZEZFExWFU0NkF6UUxVaFg1VjFxcUg4aUtUdFBWYVQ0STlKSHZBS1FmRFhldlFhWlg1NzdHa0QKNm9WZ2RNTS9IQzZ4SGJyWkkvbmx6OS9pUDBENTR1eE5tRGtZQ3BoeDNHWVZtVkVxMENCUm1idHpHZW40Rk1Qbwo2YnhaSzNTNlMxMmhiQXhqekxOdm44b0RTTFdDbUorQUxnN0t1c3E5SXZXOTNaNlN0emNtNUZIa3FBTGVTWjNMCk5WZlN6ZENhcmNiZlZkUnRETTliTlN0VGIyczVqc2tpVkhZTmZoVElvZ0pnVmEwbGVkMWdVeTZzWldrR3BFL2sKQlZZTjY2b1VxNlYwZTRFWElQMFRDYkFOazNNeEdhVHNjeGgwa016NTV3S0NBUUJ5VysyTi9GVjJFbzNWVXBjWgpxM2NLWG1LM21FUDRDcDA1SFMxaWhuc2VKa2owYVk4NjZ0QU1RRGJZcm1YakxQVWgza2dBdjI5YnQyQUlRa2srCkM0MUdub3V1RHhyMUxybDEyWkJlVk44UEFBb01vUXNOQTArVVFFRU9TRFgxd2hpTHhqMS9xK1I1SitiNVJmTmwKV0RiaFVMZngyZ3ovR3dEL0swVHZVQlFhUmR0ZEtIM2M5OUVQeFVxRFo3R3dIUkVJVnRNUVh5enBTTndtYTNJaApsVjN6a0xaK1JWNG9wclI1ai9hYlZ2d0hsMVcraEhCcE5QdE5zMDZGV2IxbElHWHI0aE5QTThEc0lJNzgwS3JzCkU1NklyMnpZbkhYU2U0SyttMytaUldaRHk5VUtoRWF3ODVlVm9iZkplemlaamV3SWRkeThNTFZtTkNOQno1d2cKcnBJNUFvSUJBQkpOSXRHR1E1dU4zdUdTWTlwMkhDTHZ2MzcxNVZHSERKL2RCdDgyK2hMNmV1UkxwUjlmWlIwcApvYThBV0ZCVVRGTUhpK3l0em0vYksvakFRK25OODNSWW9kTUtXT0RlV1M2emVBeW0vWE5qNU9iTUVaeE52RlArCjlkdzBmL0lINTQ1dDh6WXlsMm5CTGswWjN3N3JZUDMwSzdOcjJqWWJySlEzMk1qK0JpNjltQkVESHpLSWdSRFAKbFMwdTc1bmtGTnB6QThrckZlYmwwYzZHZjVnT1dyR3pjQkV6THE1SzFWMVVGTkdOdzc3RGhIWkVpWjJTMzRiSQpSbGFrOENHVW9kbVRiMWlxeTloR3BDNEcyT09BbXFzanBhVWhXaktOTDRCaU1oUVpLMnZHRzVQeWRpRUpSc1o1CmZucmM4UEJaRUNETDZLWTVoSXpPZnNxdzdQSTFtbHNDZ2dFQkFPUzJVYmlqd3hVVEg1SzU0MDRzRW01T0txb0IKMkswa0JaOTZ5WkNHZlRwanZLVHViUmE0SVlDZFVmc1RzT2RDTHVhT2R5WkhVZkFGUXN6OTFOdVdRUkxNdGNGLwp6aTUvR01DcnJNa1MzN2FCMzRJZ29NSGQyRlhTSHI3cmxCNmU2MVNCSVpGU3lIUlBQZWo3M3I1V1JJak5sQW9tCk0vTXdXMFN1Wk9oeHdYeW5kaFowWXBic01YbHo4cUp2a2trUHpLdzhiYjd1V2VwZG91d2JLUnU4TkFxRUN5NGwKSjgwZXBrY1hYaGNVWEJDclBxakd5VUR4U3VRQjdMejhFOERuRWlBK28rUDNoQ3QwaEt5S3RHWHVkMU5CdXJnNApsNW9jeXNiTTBoeW9pME9IT1NvS3VsMnExQTlFWnpFUG11dUIwWFE0QlYxT3ZtVVFSM2lNSzJDRGVKWT0KLS0tLS1FTkQgUlNBIFBSSVZBVEUgS0VZLS0tLS0K\n    token: 5o68qtca6sd3uyv30tashsxoxk4ufmgw2qep7tlo9sff4udhc5pbwandfkmrfc2fm072nx37sbbx11ut7k6cu24ugbtibu4phr94idvnkmu8ba68f9sf373fl2s5fvms\n",
      "type": "string",
      "sensitive": true
    },
    "storage_account_key": {
      "value": "HTqD6MyubfE1C3SPiR7f6lql4tNNg/V3D1gHplb3rqpoUZQNRfuthOYAsYgOvXjT3PqCNY7Xsk7t+AStS4+V3w==",
      "type": "string",
      "sensitive": true
    },
    "storage_account_name": {
      "value": "airoomiecheckstorage",
      "type": "string"
    }
  },
  "resources": [
    {
      "mode": "managed",
      "type": "azurerm_container_registry",
      "name": "acr",
      "provider": "provider[\"registry.terraform.io/hashicorp/azurerm\"]",
      "instances": [
        {
          "schema_version": 2,
          "attributes": {
            "admin_enabled": true,
            "admin_password": "0XYpHDjEsYdcu/8Sa9kV5jIenQKNkNdPDYiwsvbT9i+ACRCgkiZo",
            "admin_username": "airoomiecheck",
            "anonymous_pull_enabled": false,
            "data_endpoint_enabled": false,
            "encryption": [],
            "export_policy_enabled": true,
            "georeplications": [],
            "id": "/subscriptions/7951bf18-1fe0-46cb-bfad-4c9ce0b6109a/resourceGroups/ai-roomiecheck/providers/Microsoft.ContainerRegistry/registries/airoomiecheck",
            "identity": [],
            "location": "uksouth",
            "login_server": "airoomiecheck.azurecr.io",
            "name": "airoomiecheck",
            "network_rule_bypass_option": "AzureServices",
            "network_rule_set": [],
            "public_network_access_enabled": true,
            "quarantine_policy_enabled": false,
            "resource_group_name": "ai-roomiecheck",
            "retention_policy_in_days": 0,
            "sku": "Basic",
            "tags": null,
            "timeouts": null,
            "trust_policy_enabled": false,
            "zone_redundancy_enabled": false
          },
          "sensitive_attributes": [
            [
              {
                "type": "get_attr",
                "value": "admin_password"
              }
            ]
          ],
          "private": "eyJlMmJmYjczMC1lY2FhLTExZTYtOGY4OC0zNDM2M2JjN2M0YzAiOnsiY3JlYXRlIjoxODAwMDAwMDAwMDAwLCJkZWxldGUiOjE4MDAwMDAwMDAwMDAsInJlYWQiOjMwMDAwMDAwMDAwMCwidXBkYXRlIjoxODAwMDAwMDAwMDAwfSwic2NoZW1hX3ZlcnNpb24iOiIyIn0=",
          "dependencies": [
            "azurerm_resource_group.main"
          ]
        }
      ]
    },
    {
      "mode": "managed",
      "type": "azurerm_kubernetes_cluster",
      "name": "aks",
      "provider": "provider[\"registry.terraform.io/hashicorp/azurerm\"]",
      "instances": [
        {
          "schema_version": 2,
          "attributes": {
            "aci_connector_linux": [],
            "api_server_access_profile": [],
            "auto_scaler_profile": [
              {
                "balance_similar_node_groups": false,
                "empty_bulk_delete_max": "10",
                "expander": "random",
                "max_graceful_termination_sec": "600",
                "max_node_provisioning_time": "15m",
                "max_unready_nodes": 3,
                "max_unready_percentage": 45,
                "new_pod_scale_up_delay": "0s",
                "scale_down_delay_after_add": "10m",
                "scale_down_delay_after_delete": "10s",
                "scale_down_delay_after_failure": "3m",
                "scale_down_unneeded": "10m",
                "scale_down_unready": "20m",
                "scale_down_utilization_threshold": "0.5",
                "scan_interval": "10s",
                "skip_nodes_with_local_storage": false,
                "skip_nodes_with_system_pods": true
              }
            ],
            "automatic_upgrade_channel": "stable",
            "azure_active_directory_role_based_access_control": [],
            "azure_policy_enabled": null,
            "confidential_computing": [],
            "cost_analysis_enabled": false,
            "current_kubernetes_version": "1.30.6",
            "default_node_pool": [
              {
                "auto_scaling_enabled": true,
                "capacity_reservation_group_id": "",
                "fips_enabled": false,
                "gpu_instance": "",
                "host_encryption_enabled": false,
                "host_group_id": "",
                "kubelet_config": [],
                "kubelet_disk_type": "OS",
                "linux_os_config": [],
                "max_count": 5,
                "max_pods": 30,
                "min_count": 1,
                "name": "default",
                "node_count": 1,
                "node_labels": {
                  "role": "main"
                },
                "node_network_profile": [],
                "node_public_ip_enabled": false,
                "node_public_ip_prefix_id": "",
                "only_critical_addons_enabled": false,
                "orchestrator_version": "1.30",
                "os_disk_size_gb": 128,
                "os_disk_type": "Managed",
                "os_sku": "Ubuntu",
                "pod_subnet_id": "",
                "proximity_placement_group_id": "",
                "scale_down_mode": "Delete",
                "snapshot_id": "",
                "tags": null,
                "temporary_name_for_rotation": "",
                "type": "VirtualMachineScaleSets",
                "ultra_ssd_enabled": false,
                "upgrade_settings": [
                  {
                    "drain_timeout_in_minutes": 0,
                    "max_surge": "10%",
                    "node_soak_duration_in_minutes": 0
                  }
                ],
                "vm_size": "Standard_DS2_v2",
                "vnet_subnet_id": "/subscriptions/7951bf18-1fe0-46cb-bfad-4c9ce0b6109a/resourceGroups/ai-roomiecheck/providers/Microsoft.Network/virtualNetworks/main-vnet/subnets/k8s-subnet",
                "workload_runtime": "",
                "zones": null
              }
            ],
            "disk_encryption_set_id": "",
            "dns_prefix": "aks",
            "dns_prefix_private_cluster": "",
            "edge_zone": "",
            "fqdn": "aks-w4q3rc8f.hcp.uksouth.azmk8s.io",
            "http_application_routing_enabled": null,
            "http_application_routing_zone_name": null,
            "http_proxy_config": [],
            "id": "/subscriptions/7951bf18-1fe0-46cb-bfad-4c9ce0b6109a/resourceGroups/ai-roomiecheck/providers/Microsoft.ContainerService/managedClusters/aks",
            "identity": [
              {
                "identity_ids": [
                  "/subscriptions/7951bf18-1fe0-46cb-bfad-4c9ce0b6109a/resourceGroups/ai-roomiecheck/providers/Microsoft.ManagedIdentity/userAssignedIdentities/aks-identity"
                ],
                "principal_id": "",
                "tenant_id": "",
                "type": "UserAssigned"
              }
            ],
            "image_cleaner_enabled": null,
            "image_cleaner_interval_hours": null,
            "ingress_application_gateway": [],
            "key_management_service": [],
            "key_vault_secrets_provider": [],
            "kube_admin_config": [],
            "kube_admin_config_raw": "",
            "kube_config": [
              {
                "client_certificate": "LS0tLS1CRUdJTiBDRVJUSUZJQ0FURS0tLS0tCk1JSUZIVENDQXdXZ0F3SUJBZ0lRRjJnUmJYUW9ZcFFjKzM1bmt6bk1NREFOQmdrcWhraUc5dzBCQVFzRkFEQU4KTVFzd0NRWURWUVFERXdKallUQWVGdzB5TkRFeU1USXhOekkzTVRoYUZ3MHlOakV5TVRJeE56TTNNVGhhTURBeApGekFWQmdOVkJBb1REbk41YzNSbGJUcHRZWE4wWlhKek1SVXdFd1lEVlFRREV3eHRZWE4wWlhKamJHbGxiblF3CmdnSWlNQTBHQ1NxR1NJYjNEUUVCQVFVQUE0SUNEd0F3Z2dJS0FvSUNBUURXVkMwRFcxUzltNTU5TGFub2hiZTYKamdJU0l0RUxrUVpBc3FSV1VpWTB3alhRWnBKem1mMkVlT3JFUytFQ0p3Qk9kY1Z5bHJSVVMydnlhMjJjRGN1VgprYzRqWWViQ21OcUhRWVFpRi9uS3VZU05iaFZkYUx1cjB6NmVnajN6aTlUSXNkWUp0Z1g4MHRudUdlcEhIS21QClE3OEVDVkJWUi9US0pNODJpcWJwa0FKdnFGWGFuZEdVbGp2SytWcnVyQnV4cGl2OW53OWFlZkR0WkJPTVhuOEUKNU1hNXNYUFYwUFBNNFBvZUdhcmlGMzV1VXYrZmRxeUZ1SjcyVEhtQlVibEJxNWtNVnRXV1UyRm9BVm5TaGtKaQoyRDF1bXg3OUgwT0s1Q0ZNdDRGRXFVOTg1QTNBSjFJQ2tpeEVJeG4vNnpYcVIyUUNYdmd6clUvVWxGaUJOWnI4CnFFR25WbTRnbjZYaEdBWEI5NVN6c3ZDbnoveDRBVVZ4clRXeisxdjdWOFIxUTdBd212MjZhZTUvK1l1WE5pSVQKajJJQU44Y2Z6UzNTNkJjbGNRbEVHYzBFdnR3bVlES2UrZWY5V3dRZDRNOVl3MmI5OEdIamJ6KzFUQTkxK3hZRgo5b1hIbnV5L1dJcG9SYjRvV2NGcGZSR2NzT3h5d0IxU042R0E2LzBGWHExb3pFdUloeTNDTnMwcW8zRDZlZ2llCkhzTTBXU2FMdjE5UEgxc3pMYUl5ZFZFVnNDR1pCZ2crTkhMcmh1S3ZLSTRuVWkreFE5cnJ0U2d2dUJLcU1aaW8Ka0RSLzVlU0ErMmJKWGNFTDdJL2FwZHQwQ1o0U3VHTFlZaXMxS3kvQXduSWlIaGp1MmZ3S21HKzRkUlJhYnZMbgpwVkJ5cVR6S01MblJFSTNOVUphdWV3SURBUUFCbzFZd1ZEQU9CZ05WSFE4QkFmOEVCQU1DQmFBd0V3WURWUjBsCkJBd3dDZ1lJS3dZQkJRVUhBd0l3REFZRFZSMFRBUUgvQkFJd0FEQWZCZ05WSFNNRUdEQVdnQlMyYmt3bEtMY2YKRmVUcnpVeitQQmh0anJvZjd6QU5CZ2txaGtpRzl3MEJBUXNGQUFPQ0FnRUFIMFYzR2ljSi9lZzdvUU9QNW96eQp2SkNjNzVoZ1krTm9qb3hCTkhGWlMydUdHSTVNZVdIR1FHeGsyTldZZVR0OXJjVXBZNjZFK3pGRkZDc1BFQVQ1Clo3UlUrVjBZQThEUEJoUTFxYnRUSXBrRERabHlEcHZLUVBaa1JvUVJPQ3VGU2sxRi9LbnJudWMvdHNRK05wOXoKWmFpcVVsd2hKcHk3YVN6S2pSdWQwNXlhSVRhZ1JNV1g2WFI3RUZXcDd0QjFHTkZqQ3dOeGdUYXZvK1UxQTZQdgo0TXNybU5ld051eFBSblVWVHp5VS9udlA0d2IxMkl4WnpoYXRQMVJ4WWcyTGtHQXBaV3dKWktIMEhUVUhrcGZyCml5dlVPQ0pqdzBPdDFRTTRFSFJ2ci9lcUdKWHNJZUZNQTFhQ1ZpK0FJamIyYUpRTGc3QzRFZ2U3VjAzeFJDUWYKcDZuVVhHRXhwN3M3eVJzQVNpZGlxdnk2WUhOd3dxdUxhc2ttYW84V3Iwa3I2dlluQXJpMDd2NEdGS0dwWWdTWAo3M2NCNkxLMzZuZFZBdFJQNFNzeHhKd25odStVazcya0c2UGM0OXhHV1FpUjRMQWhKdTNOeDlRRzJDNTA5T1JoCjVGZmJ1aHNXNzU2a1YvNzhydTJtK3YzazlaUmRpb05kdm50M3ozdGNNSXlwM2sraFhLWHhpWktIUFl5aEpyNU0KYnBzYmNZMWh6SG9Yd2sxQVBIbFBrYU5yeU9kLzh4NFlML01CMG1Nc3B2VTBuZCtma2Nxbzd1RUxwS1c1YXQwbgpmMkRvUXI5Q01GWDhselpCSHJFVTZHeXdROTJoTHYzVWMxUlRpMDRuUGpzN1ozQjA2Rm9LZHVEN1pRRW1NNzhuCkdDSktQV1UzSFRvdEtxS2tUN1E2YkJBPQotLS0tLUVORCBDRVJUSUZJQ0FURS0tLS0tCg==",
                "client_key": "LS0tLS1CRUdJTiBSU0EgUFJJVkFURSBLRVktLS0tLQpNSUlKS0FJQkFBS0NBZ0VBMWxRdEExdFV2WnVlZlMycDZJVzN1bzRDRWlMUkM1RUdRTEtrVmxJbU5NSTEwR2FTCmM1bjloSGpxeEV2aEFpY0FUblhGY3BhMFZFdHI4bXR0bkEzTGxaSE9JMkhtd3BqYWgwR0VJaGY1eXJtRWpXNFYKWFdpN3E5TStub0k5ODR2VXlMSFdDYllGL05MWjdobnFSeHlwajBPL0JBbFFWVWYweWlUUE5vcW02WkFDYjZoVgoycDNSbEpZN3l2bGE3cXdic2FZci9aOFBXbm53N1dRVGpGNS9CT1RHdWJGejFkRHp6T0Q2SGhtcTRoZCtibEwvCm4zYXNoYmllOWt4NWdWRzVRYXVaREZiVmxsTmhhQUZaMG9aQ1l0ZzlicHNlL1I5RGl1UWhUTGVCUktsUGZPUU4Kd0NkU0FwSXNSQ01aLytzMTZrZGtBbDc0TTYxUDFKUllnVFdhL0toQnAxWnVJSitsNFJnRndmZVVzN0x3cDgvOAplQUZGY2EwMXMvdGIrMWZFZFVPd01Kcjl1bW51Zi9tTGx6WWlFNDlpQURmSEg4MHQwdWdYSlhFSlJCbk5CTDdjCkptQXludm5uL1ZzRUhlRFBXTU5tL2ZCaDQyOC90VXdQZGZzV0JmYUZ4NTdzdjFpS2FFVytLRm5CYVgwUm5MRHMKY3NBZFVqZWhnT3Y5QlY2dGFNeExpSWN0d2piTktxTncrbm9Jbmg3RE5Ga21pNzlmVHg5Yk15MmlNblZSRmJBaAptUVlJUGpSeTY0YmlyeWlPSjFJdnNVUGE2N1VvTDdnU3FqR1lxSkEwZitYa2dQdG15VjNCQyt5UDJxWGJkQW1lCkVyaGkyR0lyTlNzdndNSnlJaDRZN3RuOENwaHZ1SFVVV203eTU2VlFjcWs4eWpDNTBSQ056VkNXcm5zQ0F3RUEKQVFLQ0FnQVo4bXJZb3kvcEhIUGRkNi9BSktBUGg2MmNnSGFLVGU1UjJzNm1YSitmZDN1SVZVS1ptQ1RtNnJTUgpPeFpzYWtoUk4xVEdBSlNvTjlGRHNkbTlNTFphenlJRGlwQ2pNbG9TVWM0clNuZkZJUng0K3NDL1pEU0VJcmpMCis3eUFSWWRuSEpCcThJeGRCVEc0NzQ0N09hOFZWd0JDL3RXbzNXTTNMYW1nVXJ6T1BjN3RzWlZqT0FQdFZ4cTYKQWVJT1R1dXpZQWluVmFCSU5jY0RGa0IvbDlrTXdKMkdVWU5TZVU5cW1EbnZkdkFIR3cwRlVpcjhKU1BSdEg0YQpGendHZWR4UnBQS01XZDdWcWhaNnZ0OGU2MzRSOVZmS2tpRDRSOWFuYytMTUpOTVRldVBTbk5GRlYvMUhybWFKCmdTNWVteDBWMWJxM3hzT0pqZ3ZDRW90OGFQN3dLcDl1bnNCcnlFUzVwZko1ZEszTG45MS9BdmtOL1hNSGJVeTUKTHRqaHVkVitWcjY3RzBGRXpKYnRrclhCU01RcS8vQU5kOHE0TzNySmZqaEUyM2JnZ3FPNFZwNDlHOG1sUHVsQwpsUGJnMUpLUHlLc0lVUnNUWkxCbnAzWTFmaURyT2gxTnRrRGZsYnBGNFFXcGJLZEVVSmhnWDdhamIwVFAvMytqCktLSGNZSnlPc0JzblFFQ2dGaHBibGpLNGl3NU9maTJEQ0J6dUhQTWh6c2dvVTVpRmd4SUp1ODgrb1lsUDNuZTIKdUlScEVIZldnV1JTZFlsZkp1bE9VUTJoVWxtVzJ1eERxRkc4aVdNVThGVnJuUHc2ZE9qb3IrQWFYZTVOWS9DYQpGRVdNTE52eVZsbFVPanJ6UStnNHRRZGNCTkN0dGc2dnhGQmlKM0lkYTF2MnM4UUhjUUtDQVFFQStrYUxGa0tKCjNESzEwQ283K3VTSHpiWWwrU2IrMjJxZEJVVDVzRUdpVDdoalpMVlZHUmx6QWFrakpKVUNVbFRYRTJhTW9xQkYKdDFNMkNya0tsZzNQRmU4NjN5VTYxYks5L2Q4Zm5MNHJiU2pTRUp4bm1BaVdoYXFYcEV6V2hYYU9aMHJZck5VMAowcTJLUnUyWGZwR3NFSXdCTDBIZDJXVGIwc012YnV0MkFuSFFoM0hYNzZLUUR6eWhSTjdKL004cGsyNFYxL29ZCllvZlZsNWw5Q3RwREVHdFNOb0ZscVZ1SVFIWUt6TFJGSVQvRWpRblNaZW1rRXFpVktlaDJsQUxDKzB4VlN2K2IKbWxFcnpGemUvYjl0blVNTldubEdudGk4MTU0djhxTnAwNGZISjJ1OXhtYXhHeE9OOUFYM3UwRnlDdytuaFd4MgpjUmg2bXZZbXZzdmNUUUtDQVFFQTJ6c21vbXRrN0JiQzZQMnVKMDIvOFpVbG0zWkJ3MGZ0TzNUZjNYWFdFblpJCjJFeHVZakczVDZEZFExWFU0NkF6UUxVaFg1VjFxcUg4aUtUdFBWYVQ0STlKSHZBS1FmRFhldlFhWlg1NzdHa0QKNm9WZ2RNTS9IQzZ4SGJyWkkvbmx6OS9pUDBENTR1eE5tRGtZQ3BoeDNHWVZtVkVxMENCUm1idHpHZW40Rk1Qbwo2YnhaSzNTNlMxMmhiQXhqekxOdm44b0RTTFdDbUorQUxnN0t1c3E5SXZXOTNaNlN0emNtNUZIa3FBTGVTWjNMCk5WZlN6ZENhcmNiZlZkUnRETTliTlN0VGIyczVqc2tpVkhZTmZoVElvZ0pnVmEwbGVkMWdVeTZzWldrR3BFL2sKQlZZTjY2b1VxNlYwZTRFWElQMFRDYkFOazNNeEdhVHNjeGgwa016NTV3S0NBUUJ5VysyTi9GVjJFbzNWVXBjWgpxM2NLWG1LM21FUDRDcDA1SFMxaWhuc2VKa2owYVk4NjZ0QU1RRGJZcm1YakxQVWgza2dBdjI5YnQyQUlRa2srCkM0MUdub3V1RHhyMUxybDEyWkJlVk44UEFBb01vUXNOQTArVVFFRU9TRFgxd2hpTHhqMS9xK1I1SitiNVJmTmwKV0RiaFVMZngyZ3ovR3dEL0swVHZVQlFhUmR0ZEtIM2M5OUVQeFVxRFo3R3dIUkVJVnRNUVh5enBTTndtYTNJaApsVjN6a0xaK1JWNG9wclI1ai9hYlZ2d0hsMVcraEhCcE5QdE5zMDZGV2IxbElHWHI0aE5QTThEc0lJNzgwS3JzCkU1NklyMnpZbkhYU2U0SyttMytaUldaRHk5VUtoRWF3ODVlVm9iZkplemlaamV3SWRkeThNTFZtTkNOQno1d2cKcnBJNUFvSUJBQkpOSXRHR1E1dU4zdUdTWTlwMkhDTHZ2MzcxNVZHSERKL2RCdDgyK2hMNmV1UkxwUjlmWlIwcApvYThBV0ZCVVRGTUhpK3l0em0vYksvakFRK25OODNSWW9kTUtXT0RlV1M2emVBeW0vWE5qNU9iTUVaeE52RlArCjlkdzBmL0lINTQ1dDh6WXlsMm5CTGswWjN3N3JZUDMwSzdOcjJqWWJySlEzMk1qK0JpNjltQkVESHpLSWdSRFAKbFMwdTc1bmtGTnB6QThrckZlYmwwYzZHZjVnT1dyR3pjQkV6THE1SzFWMVVGTkdOdzc3RGhIWkVpWjJTMzRiSQpSbGFrOENHVW9kbVRiMWlxeTloR3BDNEcyT09BbXFzanBhVWhXaktOTDRCaU1oUVpLMnZHRzVQeWRpRUpSc1o1CmZucmM4UEJaRUNETDZLWTVoSXpPZnNxdzdQSTFtbHNDZ2dFQkFPUzJVYmlqd3hVVEg1SzU0MDRzRW01T0txb0IKMkswa0JaOTZ5WkNHZlRwanZLVHViUmE0SVlDZFVmc1RzT2RDTHVhT2R5WkhVZkFGUXN6OTFOdVdRUkxNdGNGLwp6aTUvR01DcnJNa1MzN2FCMzRJZ29NSGQyRlhTSHI3cmxCNmU2MVNCSVpGU3lIUlBQZWo3M3I1V1JJak5sQW9tCk0vTXdXMFN1Wk9oeHdYeW5kaFowWXBic01YbHo4cUp2a2trUHpLdzhiYjd1V2VwZG91d2JLUnU4TkFxRUN5NGwKSjgwZXBrY1hYaGNVWEJDclBxakd5VUR4U3VRQjdMejhFOERuRWlBK28rUDNoQ3QwaEt5S3RHWHVkMU5CdXJnNApsNW9jeXNiTTBoeW9pME9IT1NvS3VsMnExQTlFWnpFUG11dUIwWFE0QlYxT3ZtVVFSM2lNSzJDRGVKWT0KLS0tLS1FTkQgUlNBIFBSSVZBVEUgS0VZLS0tLS0K",
                "cluster_ca_certificate": "LS0tLS1CRUdJTiBDRVJUSUZJQ0FURS0tLS0tCk1JSUU2VENDQXRHZ0F3SUJBZ0lSQU1CbDd0Q3dBZTNPNUF1UHIzdnAxMjh3RFFZSktvWklodmNOQVFFTEJRQXcKRFRFTE1Ba0dBMVVFQXhNQ1kyRXdJQmNOTWpReE1qRXlNVGN5TnpFNFdoZ1BNakExTkRFeU1USXhOek0zTVRoYQpNQTB4Q3pBSkJnTlZCQU1UQW1OaE1JSUNJakFOQmdrcWhraUc5dzBCQVFFRkFBT0NBZzhBTUlJQ0NnS0NBZ0VBCnp2SGgzQ0MzUE9VTzlwRDAyenNLbTN6TXBlOXdGUnFRS0ZoNTNWMllOeGExSkFkaUxxNzlZYngzeGlJUGpCZzAKYzlGU0dFU1NoN2E2eFBQR2V4TUkyUlJFRDd0RHp6MEdYbzU0dnZ1MGJVUDdkMTNaUmpEcDlER2NGdzlRWEp2VwpZMjdmT1gvTlJJWjJrSndQMUxNWkhqTHRRSzZGVXl2eGxvTzNUeFlRV1Y5Q0NxZmtibkdDcGhWSS9TRWtBbzNNCkhIZ293VnNLWnpCY2VBTndSSHdiYXJINkNjUkpTTU1QMUJ6RU9QQTJBTytINmc4cyt0NTgvS2pZdlBma0VDN3UKZlhyUityRzczaFhBVWtYQk5oWGN3dmF4VXBVeEs5MERuVEQ1ckxjMFg5eTAyL2dMdUJGY2NZL0ZtTmZ0R0V0NApMMkl2YTNJTTVVb0Fld0tGSHdtN0NCeUUzTHl1Q2pnZnJSOGszcHJ5UE5Oak1LWWJRa0Y5ZnlhaFEzaW1zUEJkCm9XcGx5U1M5SVF4VmhTczE1NFY4cWVDQ01DY0hUdy90NE1VOGhPcS9ONWU5a0w3bUNPZ2IrMDVsM25ZVlpnUW4KU2Q1T3VMOGRQYXNkQlNwNTN2UC9oSGZWdm5XbnA5R0Z3VFp0SHhEN0c4MGZoZlVSMjhXaFdPa3UwbVgvemFSNgpUY0pjVUJLWGFrRWdGdG1PQ21OdWdyOFYxTjU2YStlZ3puNDdyU2RWNXVjZ04ybi9XZXk2TjlIeEQrZ2FvYUJECkNKN0JGQW5jVVc0UXh3YVEyZGhuZzNzMTMwdFh5Mk5vNVpPdEZ1UytFTGc5TlJyOFZIVWU0Ymd0TW4yd2hkRFIKS2dac1d2aXR1TmZUb205UExGWWNDODN4QUlzWVFiUHloZ1ExN3Jmem1VRUNBd0VBQWFOQ01FQXdEZ1lEVlIwUApBUUgvQkFRREFnS2tNQThHQTFVZEV3RUIvd1FGTUFNQkFmOHdIUVlEVlIwT0JCWUVGTFp1VENVb3R4OFY1T3ZOClRQNDhHRzJPdWgvdk1BMEdDU3FHU0liM0RRRUJDd1VBQTRJQ0FRQzVtOEhIUmVKVnRhWi9HR3l3Szg3OFR5NUEKNS9ibjAwUEcxdkxXVjg0WlpWcnh0cFlZUE1mS21zdS9kRUQ5Y1RRNFhyYmtHNFF0TWdXL2lpNUIvZFVEaXRNSwpzMXBTZ20wNWJQc3I5R3dEN21iZjdudEV2ZGNGcEhMMXd0OFNmbU03dTlwQWtETkJveklpb2wyTGdXR2pPanFyCnAwMk0yVy9lZmVLSy9Fa0hyTDN1ZmsxNXBCSEYrTGhKL1NiZUpya2VPbHp3TXdzWjBxaUt2NEY4eHNmU0N5NkkKTG5oMVduS3kzd2Z5ZU5Ra1ladUFBVjdwR2lMSlhabjAxR2FXUGdsUlV5ZnpINk0rR3FQZ0NEdWhUNm5DcklLZQpEV29hQ0JlZjhmaGxaMm5xSzhLcG1MMFdtdkx0UzRvTlB5akZkMFRkNWhBczRwTHN5R3FGZTNZQldZbXIvZXF5CmEzZTJnRW1rUUhqM0NwRUxIUVhXaUNGcFMxK0ZpbGtIV3pyOGxjOGhrUnJ6SW5wa0dLSW1SQVM1YWMrbjJQMkEKbEpOdlBLekplM0ZZbjR2UHovVTBFVjFQK1RTM1F0cmN0VG1qOHhVV1ptbm5yM3A0azBzOEN6eVJnTnZ5YjZacwppNkJaYjRZWDZkUS9wcUtvOHFPU2UrTXZkcDBJbStFbjh4UThkUnF4eVdJT08wUUI3UU9YQjdQbWF1ZU1qRTlOClVSbEJFWGUrSHgycXZpK2htdjVJVDhwR0FpYnUrY2lCNGQ0NzNqMVBQN1I2QWZGVm93YWl0Z3VFM1dNNDJWczYKblcwK3pvV3JBN2I3enlSeTZUbFk3YXNvRnc5dUpVeEs3VGJXbC9iemlBUFVLQ3ByQXZpeWUzSEsxWlR2R0wvYgprelJGSUZxZC94Ym8xRzZiZFE9PQotLS0tLUVORCBDRVJUSUZJQ0FURS0tLS0tCg==",
                "host": "https://aks-w4q3rc8f.hcp.uksouth.azmk8s.io:443",
                "password": "5o68qtca6sd3uyv30tashsxoxk4ufmgw2qep7tlo9sff4udhc5pbwandfkmrfc2fm072nx37sbbx11ut7k6cu24ugbtibu4phr94idvnkmu8ba68f9sf373fl2s5fvms",
                "username": "clusterUser_ai-roomiecheck_aks"
              }
            ],
            "kube_config_raw": "apiVersion: v1\nclusters:\n- cluster:\n    certificate-authority-data: LS0tLS1CRUdJTiBDRVJUSUZJQ0FURS0tLS0tCk1JSUU2VENDQXRHZ0F3SUJBZ0lSQU1CbDd0Q3dBZTNPNUF1UHIzdnAxMjh3RFFZSktvWklodmNOQVFFTEJRQXcKRFRFTE1Ba0dBMVVFQXhNQ1kyRXdJQmNOTWpReE1qRXlNVGN5TnpFNFdoZ1BNakExTkRFeU1USXhOek0zTVRoYQpNQTB4Q3pBSkJnTlZCQU1UQW1OaE1JSUNJakFOQmdrcWhraUc5dzBCQVFFRkFBT0NBZzhBTUlJQ0NnS0NBZ0VBCnp2SGgzQ0MzUE9VTzlwRDAyenNLbTN6TXBlOXdGUnFRS0ZoNTNWMllOeGExSkFkaUxxNzlZYngzeGlJUGpCZzAKYzlGU0dFU1NoN2E2eFBQR2V4TUkyUlJFRDd0RHp6MEdYbzU0dnZ1MGJVUDdkMTNaUmpEcDlER2NGdzlRWEp2VwpZMjdmT1gvTlJJWjJrSndQMUxNWkhqTHRRSzZGVXl2eGxvTzNUeFlRV1Y5Q0NxZmtibkdDcGhWSS9TRWtBbzNNCkhIZ293VnNLWnpCY2VBTndSSHdiYXJINkNjUkpTTU1QMUJ6RU9QQTJBTytINmc4cyt0NTgvS2pZdlBma0VDN3UKZlhyUityRzczaFhBVWtYQk5oWGN3dmF4VXBVeEs5MERuVEQ1ckxjMFg5eTAyL2dMdUJGY2NZL0ZtTmZ0R0V0NApMMkl2YTNJTTVVb0Fld0tGSHdtN0NCeUUzTHl1Q2pnZnJSOGszcHJ5UE5Oak1LWWJRa0Y5ZnlhaFEzaW1zUEJkCm9XcGx5U1M5SVF4VmhTczE1NFY4cWVDQ01DY0hUdy90NE1VOGhPcS9ONWU5a0w3bUNPZ2IrMDVsM25ZVlpnUW4KU2Q1T3VMOGRQYXNkQlNwNTN2UC9oSGZWdm5XbnA5R0Z3VFp0SHhEN0c4MGZoZlVSMjhXaFdPa3UwbVgvemFSNgpUY0pjVUJLWGFrRWdGdG1PQ21OdWdyOFYxTjU2YStlZ3puNDdyU2RWNXVjZ04ybi9XZXk2TjlIeEQrZ2FvYUJECkNKN0JGQW5jVVc0UXh3YVEyZGhuZzNzMTMwdFh5Mk5vNVpPdEZ1UytFTGc5TlJyOFZIVWU0Ymd0TW4yd2hkRFIKS2dac1d2aXR1TmZUb205UExGWWNDODN4QUlzWVFiUHloZ1ExN3Jmem1VRUNBd0VBQWFOQ01FQXdEZ1lEVlIwUApBUUgvQkFRREFnS2tNQThHQTFVZEV3RUIvd1FGTUFNQkFmOHdIUVlEVlIwT0JCWUVGTFp1VENVb3R4OFY1T3ZOClRQNDhHRzJPdWgvdk1BMEdDU3FHU0liM0RRRUJDd1VBQTRJQ0FRQzVtOEhIUmVKVnRhWi9HR3l3Szg3OFR5NUEKNS9ibjAwUEcxdkxXVjg0WlpWcnh0cFlZUE1mS21zdS9kRUQ5Y1RRNFhyYmtHNFF0TWdXL2lpNUIvZFVEaXRNSwpzMXBTZ20wNWJQc3I5R3dEN21iZjdudEV2ZGNGcEhMMXd0OFNmbU03dTlwQWtETkJveklpb2wyTGdXR2pPanFyCnAwMk0yVy9lZmVLSy9Fa0hyTDN1ZmsxNXBCSEYrTGhKL1NiZUpya2VPbHp3TXdzWjBxaUt2NEY4eHNmU0N5NkkKTG5oMVduS3kzd2Z5ZU5Ra1ladUFBVjdwR2lMSlhabjAxR2FXUGdsUlV5ZnpINk0rR3FQZ0NEdWhUNm5DcklLZQpEV29hQ0JlZjhmaGxaMm5xSzhLcG1MMFdtdkx0UzRvTlB5akZkMFRkNWhBczRwTHN5R3FGZTNZQldZbXIvZXF5CmEzZTJnRW1rUUhqM0NwRUxIUVhXaUNGcFMxK0ZpbGtIV3pyOGxjOGhrUnJ6SW5wa0dLSW1SQVM1YWMrbjJQMkEKbEpOdlBLekplM0ZZbjR2UHovVTBFVjFQK1RTM1F0cmN0VG1qOHhVV1ptbm5yM3A0azBzOEN6eVJnTnZ5YjZacwppNkJaYjRZWDZkUS9wcUtvOHFPU2UrTXZkcDBJbStFbjh4UThkUnF4eVdJT08wUUI3UU9YQjdQbWF1ZU1qRTlOClVSbEJFWGUrSHgycXZpK2htdjVJVDhwR0FpYnUrY2lCNGQ0NzNqMVBQN1I2QWZGVm93YWl0Z3VFM1dNNDJWczYKblcwK3pvV3JBN2I3enlSeTZUbFk3YXNvRnc5dUpVeEs3VGJXbC9iemlBUFVLQ3ByQXZpeWUzSEsxWlR2R0wvYgprelJGSUZxZC94Ym8xRzZiZFE9PQotLS0tLUVORCBDRVJUSUZJQ0FURS0tLS0tCg==\n    server: https://aks-w4q3rc8f.hcp.uksouth.azmk8s.io:443\n  name: aks\ncontexts:\n- context:\n    cluster: aks\n    user: clusterUser_ai-roomiecheck_aks\n  name: aks\ncurrent-context: aks\nkind: Config\npreferences: {}\nusers:\n- name: clusterUser_ai-roomiecheck_aks\n  user:\n    client-certificate-data: LS0tLS1CRUdJTiBDRVJUSUZJQ0FURS0tLS0tCk1JSUZIVENDQXdXZ0F3SUJBZ0lRRjJnUmJYUW9ZcFFjKzM1bmt6bk1NREFOQmdrcWhraUc5dzBCQVFzRkFEQU4KTVFzd0NRWURWUVFERXdKallUQWVGdzB5TkRFeU1USXhOekkzTVRoYUZ3MHlOakV5TVRJeE56TTNNVGhhTURBeApGekFWQmdOVkJBb1REbk41YzNSbGJUcHRZWE4wWlhKek1SVXdFd1lEVlFRREV3eHRZWE4wWlhKamJHbGxiblF3CmdnSWlNQTBHQ1NxR1NJYjNEUUVCQVFVQUE0SUNEd0F3Z2dJS0FvSUNBUURXVkMwRFcxUzltNTU5TGFub2hiZTYKamdJU0l0RUxrUVpBc3FSV1VpWTB3alhRWnBKem1mMkVlT3JFUytFQ0p3Qk9kY1Z5bHJSVVMydnlhMjJjRGN1VgprYzRqWWViQ21OcUhRWVFpRi9uS3VZU05iaFZkYUx1cjB6NmVnajN6aTlUSXNkWUp0Z1g4MHRudUdlcEhIS21QClE3OEVDVkJWUi9US0pNODJpcWJwa0FKdnFGWGFuZEdVbGp2SytWcnVyQnV4cGl2OW53OWFlZkR0WkJPTVhuOEUKNU1hNXNYUFYwUFBNNFBvZUdhcmlGMzV1VXYrZmRxeUZ1SjcyVEhtQlVibEJxNWtNVnRXV1UyRm9BVm5TaGtKaQoyRDF1bXg3OUgwT0s1Q0ZNdDRGRXFVOTg1QTNBSjFJQ2tpeEVJeG4vNnpYcVIyUUNYdmd6clUvVWxGaUJOWnI4CnFFR25WbTRnbjZYaEdBWEI5NVN6c3ZDbnoveDRBVVZ4clRXeisxdjdWOFIxUTdBd212MjZhZTUvK1l1WE5pSVQKajJJQU44Y2Z6UzNTNkJjbGNRbEVHYzBFdnR3bVlES2UrZWY5V3dRZDRNOVl3MmI5OEdIamJ6KzFUQTkxK3hZRgo5b1hIbnV5L1dJcG9SYjRvV2NGcGZSR2NzT3h5d0IxU042R0E2LzBGWHExb3pFdUloeTNDTnMwcW8zRDZlZ2llCkhzTTBXU2FMdjE5UEgxc3pMYUl5ZFZFVnNDR1pCZ2crTkhMcmh1S3ZLSTRuVWkreFE5cnJ0U2d2dUJLcU1aaW8Ka0RSLzVlU0ErMmJKWGNFTDdJL2FwZHQwQ1o0U3VHTFlZaXMxS3kvQXduSWlIaGp1MmZ3S21HKzRkUlJhYnZMbgpwVkJ5cVR6S01MblJFSTNOVUphdWV3SURBUUFCbzFZd1ZEQU9CZ05WSFE4QkFmOEVCQU1DQmFBd0V3WURWUjBsCkJBd3dDZ1lJS3dZQkJRVUhBd0l3REFZRFZSMFRBUUgvQkFJd0FEQWZCZ05WSFNNRUdEQVdnQlMyYmt3bEtMY2YKRmVUcnpVeitQQmh0anJvZjd6QU5CZ2txaGtpRzl3MEJBUXNGQUFPQ0FnRUFIMFYzR2ljSi9lZzdvUU9QNW96eQp2SkNjNzVoZ1krTm9qb3hCTkhGWlMydUdHSTVNZVdIR1FHeGsyTldZZVR0OXJjVXBZNjZFK3pGRkZDc1BFQVQ1Clo3UlUrVjBZQThEUEJoUTFxYnRUSXBrRERabHlEcHZLUVBaa1JvUVJPQ3VGU2sxRi9LbnJudWMvdHNRK05wOXoKWmFpcVVsd2hKcHk3YVN6S2pSdWQwNXlhSVRhZ1JNV1g2WFI3RUZXcDd0QjFHTkZqQ3dOeGdUYXZvK1UxQTZQdgo0TXNybU5ld051eFBSblVWVHp5VS9udlA0d2IxMkl4WnpoYXRQMVJ4WWcyTGtHQXBaV3dKWktIMEhUVUhrcGZyCml5dlVPQ0pqdzBPdDFRTTRFSFJ2ci9lcUdKWHNJZUZNQTFhQ1ZpK0FJamIyYUpRTGc3QzRFZ2U3VjAzeFJDUWYKcDZuVVhHRXhwN3M3eVJzQVNpZGlxdnk2WUhOd3dxdUxhc2ttYW84V3Iwa3I2dlluQXJpMDd2NEdGS0dwWWdTWAo3M2NCNkxLMzZuZFZBdFJQNFNzeHhKd25odStVazcya0c2UGM0OXhHV1FpUjRMQWhKdTNOeDlRRzJDNTA5T1JoCjVGZmJ1aHNXNzU2a1YvNzhydTJtK3YzazlaUmRpb05kdm50M3ozdGNNSXlwM2sraFhLWHhpWktIUFl5aEpyNU0KYnBzYmNZMWh6SG9Yd2sxQVBIbFBrYU5yeU9kLzh4NFlML01CMG1Nc3B2VTBuZCtma2Nxbzd1RUxwS1c1YXQwbgpmMkRvUXI5Q01GWDhselpCSHJFVTZHeXdROTJoTHYzVWMxUlRpMDRuUGpzN1ozQjA2Rm9LZHVEN1pRRW1NNzhuCkdDSktQV1UzSFRvdEtxS2tUN1E2YkJBPQotLS0tLUVORCBDRVJUSUZJQ0FURS0tLS0tCg==\n    client-key-data: LS0tLS1CRUdJTiBSU0EgUFJJVkFURSBLRVktLS0tLQpNSUlKS0FJQkFBS0NBZ0VBMWxRdEExdFV2WnVlZlMycDZJVzN1bzRDRWlMUkM1RUdRTEtrVmxJbU5NSTEwR2FTCmM1bjloSGpxeEV2aEFpY0FUblhGY3BhMFZFdHI4bXR0bkEzTGxaSE9JMkhtd3BqYWgwR0VJaGY1eXJtRWpXNFYKWFdpN3E5TStub0k5ODR2VXlMSFdDYllGL05MWjdobnFSeHlwajBPL0JBbFFWVWYweWlUUE5vcW02WkFDYjZoVgoycDNSbEpZN3l2bGE3cXdic2FZci9aOFBXbm53N1dRVGpGNS9CT1RHdWJGejFkRHp6T0Q2SGhtcTRoZCtibEwvCm4zYXNoYmllOWt4NWdWRzVRYXVaREZiVmxsTmhhQUZaMG9aQ1l0ZzlicHNlL1I5RGl1UWhUTGVCUktsUGZPUU4Kd0NkU0FwSXNSQ01aLytzMTZrZGtBbDc0TTYxUDFKUllnVFdhL0toQnAxWnVJSitsNFJnRndmZVVzN0x3cDgvOAplQUZGY2EwMXMvdGIrMWZFZFVPd01Kcjl1bW51Zi9tTGx6WWlFNDlpQURmSEg4MHQwdWdYSlhFSlJCbk5CTDdjCkptQXludm5uL1ZzRUhlRFBXTU5tL2ZCaDQyOC90VXdQZGZzV0JmYUZ4NTdzdjFpS2FFVytLRm5CYVgwUm5MRHMKY3NBZFVqZWhnT3Y5QlY2dGFNeExpSWN0d2piTktxTncrbm9Jbmg3RE5Ga21pNzlmVHg5Yk15MmlNblZSRmJBaAptUVlJUGpSeTY0YmlyeWlPSjFJdnNVUGE2N1VvTDdnU3FqR1lxSkEwZitYa2dQdG15VjNCQyt5UDJxWGJkQW1lCkVyaGkyR0lyTlNzdndNSnlJaDRZN3RuOENwaHZ1SFVVV203eTU2VlFjcWs4eWpDNTBSQ056VkNXcm5zQ0F3RUEKQVFLQ0FnQVo4bXJZb3kvcEhIUGRkNi9BSktBUGg2MmNnSGFLVGU1UjJzNm1YSitmZDN1SVZVS1ptQ1RtNnJTUgpPeFpzYWtoUk4xVEdBSlNvTjlGRHNkbTlNTFphenlJRGlwQ2pNbG9TVWM0clNuZkZJUng0K3NDL1pEU0VJcmpMCis3eUFSWWRuSEpCcThJeGRCVEc0NzQ0N09hOFZWd0JDL3RXbzNXTTNMYW1nVXJ6T1BjN3RzWlZqT0FQdFZ4cTYKQWVJT1R1dXpZQWluVmFCSU5jY0RGa0IvbDlrTXdKMkdVWU5TZVU5cW1EbnZkdkFIR3cwRlVpcjhKU1BSdEg0YQpGendHZWR4UnBQS01XZDdWcWhaNnZ0OGU2MzRSOVZmS2tpRDRSOWFuYytMTUpOTVRldVBTbk5GRlYvMUhybWFKCmdTNWVteDBWMWJxM3hzT0pqZ3ZDRW90OGFQN3dLcDl1bnNCcnlFUzVwZko1ZEszTG45MS9BdmtOL1hNSGJVeTUKTHRqaHVkVitWcjY3RzBGRXpKYnRrclhCU01RcS8vQU5kOHE0TzNySmZqaEUyM2JnZ3FPNFZwNDlHOG1sUHVsQwpsUGJnMUpLUHlLc0lVUnNUWkxCbnAzWTFmaURyT2gxTnRrRGZsYnBGNFFXcGJLZEVVSmhnWDdhamIwVFAvMytqCktLSGNZSnlPc0JzblFFQ2dGaHBibGpLNGl3NU9maTJEQ0J6dUhQTWh6c2dvVTVpRmd4SUp1ODgrb1lsUDNuZTIKdUlScEVIZldnV1JTZFlsZkp1bE9VUTJoVWxtVzJ1eERxRkc4aVdNVThGVnJuUHc2ZE9qb3IrQWFYZTVOWS9DYQpGRVdNTE52eVZsbFVPanJ6UStnNHRRZGNCTkN0dGc2dnhGQmlKM0lkYTF2MnM4UUhjUUtDQVFFQStrYUxGa0tKCjNESzEwQ283K3VTSHpiWWwrU2IrMjJxZEJVVDVzRUdpVDdoalpMVlZHUmx6QWFrakpKVUNVbFRYRTJhTW9xQkYKdDFNMkNya0tsZzNQRmU4NjN5VTYxYks5L2Q4Zm5MNHJiU2pTRUp4bm1BaVdoYXFYcEV6V2hYYU9aMHJZck5VMAowcTJLUnUyWGZwR3NFSXdCTDBIZDJXVGIwc012YnV0MkFuSFFoM0hYNzZLUUR6eWhSTjdKL004cGsyNFYxL29ZCllvZlZsNWw5Q3RwREVHdFNOb0ZscVZ1SVFIWUt6TFJGSVQvRWpRblNaZW1rRXFpVktlaDJsQUxDKzB4VlN2K2IKbWxFcnpGemUvYjl0blVNTldubEdudGk4MTU0djhxTnAwNGZISjJ1OXhtYXhHeE9OOUFYM3UwRnlDdytuaFd4MgpjUmg2bXZZbXZzdmNUUUtDQVFFQTJ6c21vbXRrN0JiQzZQMnVKMDIvOFpVbG0zWkJ3MGZ0TzNUZjNYWFdFblpJCjJFeHVZakczVDZEZFExWFU0NkF6UUxVaFg1VjFxcUg4aUtUdFBWYVQ0STlKSHZBS1FmRFhldlFhWlg1NzdHa0QKNm9WZ2RNTS9IQzZ4SGJyWkkvbmx6OS9pUDBENTR1eE5tRGtZQ3BoeDNHWVZtVkVxMENCUm1idHpHZW40Rk1Qbwo2YnhaSzNTNlMxMmhiQXhqekxOdm44b0RTTFdDbUorQUxnN0t1c3E5SXZXOTNaNlN0emNtNUZIa3FBTGVTWjNMCk5WZlN6ZENhcmNiZlZkUnRETTliTlN0VGIyczVqc2tpVkhZTmZoVElvZ0pnVmEwbGVkMWdVeTZzWldrR3BFL2sKQlZZTjY2b1VxNlYwZTRFWElQMFRDYkFOazNNeEdhVHNjeGgwa016NTV3S0NBUUJ5VysyTi9GVjJFbzNWVXBjWgpxM2NLWG1LM21FUDRDcDA1SFMxaWhuc2VKa2owYVk4NjZ0QU1RRGJZcm1YakxQVWgza2dBdjI5YnQyQUlRa2srCkM0MUdub3V1RHhyMUxybDEyWkJlVk44UEFBb01vUXNOQTArVVFFRU9TRFgxd2hpTHhqMS9xK1I1SitiNVJmTmwKV0RiaFVMZngyZ3ovR3dEL0swVHZVQlFhUmR0ZEtIM2M5OUVQeFVxRFo3R3dIUkVJVnRNUVh5enBTTndtYTNJaApsVjN6a0xaK1JWNG9wclI1ai9hYlZ2d0hsMVcraEhCcE5QdE5zMDZGV2IxbElHWHI0aE5QTThEc0lJNzgwS3JzCkU1NklyMnpZbkhYU2U0SyttMytaUldaRHk5VUtoRWF3ODVlVm9iZkplemlaamV3SWRkeThNTFZtTkNOQno1d2cKcnBJNUFvSUJBQkpOSXRHR1E1dU4zdUdTWTlwMkhDTHZ2MzcxNVZHSERKL2RCdDgyK2hMNmV1UkxwUjlmWlIwcApvYThBV0ZCVVRGTUhpK3l0em0vYksvakFRK25OODNSWW9kTUtXT0RlV1M2emVBeW0vWE5qNU9iTUVaeE52RlArCjlkdzBmL0lINTQ1dDh6WXlsMm5CTGswWjN3N3JZUDMwSzdOcjJqWWJySlEzMk1qK0JpNjltQkVESHpLSWdSRFAKbFMwdTc1bmtGTnB6QThrckZlYmwwYzZHZjVnT1dyR3pjQkV6THE1SzFWMVVGTkdOdzc3RGhIWkVpWjJTMzRiSQpSbGFrOENHVW9kbVRiMWlxeTloR3BDNEcyT09BbXFzanBhVWhXaktOTDRCaU1oUVpLMnZHRzVQeWRpRUpSc1o1CmZucmM4UEJaRUNETDZLWTVoSXpPZnNxdzdQSTFtbHNDZ2dFQkFPUzJVYmlqd3hVVEg1SzU0MDRzRW01T0txb0IKMkswa0JaOTZ5WkNHZlRwanZLVHViUmE0SVlDZFVmc1RzT2RDTHVhT2R5WkhVZkFGUXN6OTFOdVdRUkxNdGNGLwp6aTUvR01DcnJNa1MzN2FCMzRJZ29NSGQyRlhTSHI3cmxCNmU2MVNCSVpGU3lIUlBQZWo3M3I1V1JJak5sQW9tCk0vTXdXMFN1Wk9oeHdYeW5kaFowWXBic01YbHo4cUp2a2trUHpLdzhiYjd1V2VwZG91d2JLUnU4TkFxRUN5NGwKSjgwZXBrY1hYaGNVWEJDclBxakd5VUR4U3VRQjdMejhFOERuRWlBK28rUDNoQ3QwaEt5S3RHWHVkMU5CdXJnNApsNW9jeXNiTTBoeW9pME9IT1NvS3VsMnExQTlFWnpFUG11dUIwWFE0QlYxT3ZtVVFSM2lNSzJDRGVKWT0KLS0tLS1FTkQgUlNBIFBSSVZBVEUgS0VZLS0tLS0K\n    token: 5o68qtca6sd3uyv30tashsxoxk4ufmgw2qep7tlo9sff4udhc5pbwandfkmrfc2fm072nx37sbbx11ut7k6cu24ugbtibu4phr94idvnkmu8ba68f9sf373fl2s5fvms\n",
            "kubelet_identity": [
              {
                "client_id": "217f35b6-3ca5-4d0f-8724-901e76c44bcf",
                "object_id": "a4bd7432-d0b1-4677-a96d-9822111f126e",
                "user_assigned_identity_id": "/subscriptions/7951bf18-1fe0-46cb-bfad-4c9ce0b6109a/resourceGroups/MC_ai-roomiecheck_aks_uksouth/providers/Microsoft.ManagedIdentity/userAssignedIdentities/aks-agentpool"
              }
            ],
            "kubernetes_version": "1.30",
            "linux_profile": [],
            "local_account_disabled": false,
            "location": "uksouth",
            "maintenance_window": [],
            "maintenance_window_auto_upgrade": [],
            "maintenance_window_node_os": [],
            "microsoft_defender": [],
            "monitor_metrics": [],
            "name": "aks",
            "network_profile": [
              {
                "dns_service_ip": "10.0.3.10",
                "ip_versions": [
                  "IPv4"
                ],
                "load_balancer_profile": [
                  {
                    "effective_outbound_ips": [
                      "/subscriptions/7951bf18-1fe0-46cb-bfad-4c9ce0b6109a/resourceGroups/MC_ai-roomiecheck_aks_uksouth/providers/Microsoft.Network/publicIPAddresses/2aa7efd3-a10a-48b0-87a4-0facca84fdbf"
                    ],
                    "idle_timeout_in_minutes": 0,
                    "managed_outbound_ip_count": 1,
                    "managed_outbound_ipv6_count": 0,
                    "outbound_ip_address_ids": [],
                    "outbound_ip_prefix_ids": [],
                    "outbound_ports_allocated": 0
                  }
                ],
                "load_balancer_sku": "standard",
                "nat_gateway_profile": [],
                "network_data_plane": "azure",
                "network_mode": "",
                "network_plugin": "azure",
                "network_plugin_mode": "",
                "network_policy": "",
                "outbound_type": "loadBalancer",
                "pod_cidr": "",
                "pod_cidrs": [],
                "service_cidr": "10.0.3.0/24",
                "service_cidrs": [
                  "10.0.3.0/24"
                ]
              }
            ],
            "node_os_upgrade_channel": "NodeImage",
            "node_resource_group": "MC_ai-roomiecheck_aks_uksouth",
            "node_resource_group_id": "/subscriptions/7951bf18-1fe0-46cb-bfad-4c9ce0b6109a/resourceGroups/MC_ai-roomiecheck_aks_uksouth",
            "oidc_issuer_enabled": true,
            "oidc_issuer_url": "https://uksouth.oic.prod-aks.azure.com/0f70851e-ec4b-4015-938b-fc12bae83a9b/9890ad74-d963-4749-9234-1349589b9015/",
            "oms_agent": [],
            "open_service_mesh_enabled": null,
            "portal_fqdn": "aks-w4q3rc8f.portal.hcp.uksouth.azmk8s.io",
            "private_cluster_enabled": false,
            "private_cluster_public_fqdn_enabled": false,
            "private_dns_zone_id": "",
            "private_fqdn": "",
            "resource_group_name": "ai-roomiecheck",
            "role_based_access_control_enabled": true,
            "run_command_enabled": true,
            "service_mesh_profile": [],
            "service_principal": [],
            "sku_tier": "Standard",
            "storage_profile": [],
            "support_plan": "KubernetesOfficial",
            "tags": null,
            "timeouts": null,
            "web_app_routing": [],
            "windows_profile": [
              {
                "admin_password": "",
                "admin_username": "azureuser",
                "gmsa": [],
                "license": ""
              }
            ],
            "workload_autoscaler_profile": [],
            "workload_identity_enabled": true
          },
          "sensitive_attributes": [
            [
              {
                "type": "get_attr",
                "value": "windows_profile"
              },
              {
                "type": "index",
                "value": {
                  "value": 0,
                  "type": "number"
                }
              },
              {
                "type": "get_attr",
                "value": "admin_password"
              }
            ],
            [
              {
                "type": "get_attr",
                "value": "kube_admin_config"
              }
            ],
            [
              {
                "type": "get_attr",
                "value": "kube_config_raw"
              }
            ],
            [
              {
                "type": "get_attr",
                "value": "kube_config"
              }
            ],
            [
              {
                "type": "get_attr",
                "value": "kube_admin_config_raw"
              }
            ]
          ],
          "private": "eyJlMmJmYjczMC1lY2FhLTExZTYtOGY4OC0zNDM2M2JjN2M0YzAiOnsiY3JlYXRlIjo1NDAwMDAwMDAwMDAwLCJkZWxldGUiOjU0MDAwMDAwMDAwMDAsInJlYWQiOjMwMDAwMDAwMDAwMCwidXBkYXRlIjo1NDAwMDAwMDAwMDAwfSwic2NoZW1hX3ZlcnNpb24iOiIyIn0=",
          "dependencies": [
            "azurerm_resource_group.main",
            "azurerm_role_assignment.network_contributor",
            "azurerm_subnet.k8s_subnet",
            "azurerm_user_assigned_identity.user_aid",
            "azurerm_virtual_network.main_vnet"
          ]
        }
      ]
    },
    {
      "mode": "managed",
      "type": "azurerm_kubernetes_cluster_node_pool",
      "name": "f4sv2",
      "provider": "provider[\"registry.terraform.io/hashicorp/azurerm\"]",
      "instances": [
        {
          "schema_version": 1,
          "attributes": {
            "auto_scaling_enabled": true,
            "capacity_reservation_group_id": "",
            "eviction_policy": "",
            "fips_enabled": false,
            "gpu_instance": null,
            "host_encryption_enabled": false,
            "host_group_id": "",
            "id": "/subscriptions/7951bf18-1fe0-46cb-bfad-4c9ce0b6109a/resourceGroups/ai-roomiecheck/providers/Microsoft.ContainerService/managedClusters/aks/agentPools/f4sv2",
            "kubelet_config": [],
            "kubelet_disk_type": "OS",
            "kubernetes_cluster_id": "/subscriptions/7951bf18-1fe0-46cb-bfad-4c9ce0b6109a/resourceGroups/ai-roomiecheck/providers/Microsoft.ContainerService/managedClusters/aks",
            "linux_os_config": [],
            "max_count": 3,
            "max_pods": 30,
            "min_count": 1,
            "mode": "User",
            "name": "f4sv2",
            "node_count": 1,
            "node_labels": {
              "role": "f4sv2"
            },
            "node_network_profile": [],
            "node_public_ip_enabled": false,
            "node_public_ip_prefix_id": "",
            "node_taints": [
              "f4sv2=true:NoSchedule"
            ],
            "orchestrator_version": "1.30",
            "os_disk_size_gb": 128,
            "os_disk_type": "Managed",
            "os_sku": "Ubuntu",
            "os_type": "Linux",
            "pod_subnet_id": "",
            "priority": "Regular",
            "proximity_placement_group_id": "",
            "scale_down_mode": "Delete",
            "snapshot_id": null,
            "spot_max_price": -1,
            "tags": null,
            "timeouts": null,
            "ultra_ssd_enabled": false,
            "upgrade_settings": [],
            "vm_size": "Standard_F4s_v2",
            "vnet_subnet_id": "/subscriptions/7951bf18-1fe0-46cb-bfad-4c9ce0b6109a/resourceGroups/ai-roomiecheck/providers/Microsoft.Network/virtualNetworks/main-vnet/subnets/k8s-subnet",
            "windows_profile": [],
            "workload_runtime": null,
            "zones": null
          },
          "sensitive_attributes": [],
          "private": "eyJlMmJmYjczMC1lY2FhLTExZTYtOGY4OC0zNDM2M2JjN2M0YzAiOnsiY3JlYXRlIjozNjAwMDAwMDAwMDAwLCJkZWxldGUiOjM2MDAwMDAwMDAwMDAsInJlYWQiOjMwMDAwMDAwMDAwMCwidXBkYXRlIjozNjAwMDAwMDAwMDAwfSwic2NoZW1hX3ZlcnNpb24iOiIxIn0=",
          "dependencies": [
            "azurerm_kubernetes_cluster.aks",
            "azurerm_resource_group.main",
            "azurerm_role_assignment.network_contributor",
            "azurerm_subnet.k8s_subnet",
            "azurerm_user_assigned_identity.user_aid",
            "azurerm_virtual_network.main_vnet"
          ]
        }
      ]
    },
    {
      "mode": "managed",
      "type": "azurerm_resource_group",
      "name": "main",
      "provider": "provider[\"registry.terraform.io/hashicorp/azurerm\"]",
      "instances": [
        {
          "schema_version": 0,
          "attributes": {
            "id": "/subscriptions/7951bf18-1fe0-46cb-bfad-4c9ce0b6109a/resourceGroups/ai-roomiecheck",
            "location": "uksouth",
            "managed_by": "",
            "name": "ai-roomiecheck",
            "tags": null,
            "timeouts": null
          },
          "sensitive_attributes": [],
          "private": "eyJlMmJmYjczMC1lY2FhLTExZTYtOGY4OC0zNDM2M2JjN2M0YzAiOnsiY3JlYXRlIjo1NDAwMDAwMDAwMDAwLCJkZWxldGUiOjU0MDAwMDAwMDAwMDAsInJlYWQiOjMwMDAwMDAwMDAwMCwidXBkYXRlIjo1NDAwMDAwMDAwMDAwfX0="
        }
      ]
    },
    {
      "mode": "managed",
      "type": "azurerm_role_assignment",
      "name": "aks_acr_role",
      "provider": "provider[\"registry.terraform.io/hashicorp/azurerm\"]",
      "instances": [
        {
          "schema_version": 0,
          "attributes": {
            "condition": "",
            "condition_version": "",
            "delegated_managed_identity_resource_id": "",
            "description": "",
            "id": "/subscriptions/7951bf18-1fe0-46cb-bfad-4c9ce0b6109a/resourceGroups/ai-roomiecheck/providers/Microsoft.ContainerRegistry/registries/airoomiecheck/providers/Microsoft.Authorization/roleAssignments/c2c5cc5e-bf30-17eb-cce6-7703cff2573a",
            "name": "c2c5cc5e-bf30-17eb-cce6-7703cff2573a",
            "principal_id": "a4bd7432-d0b1-4677-a96d-9822111f126e",
            "principal_type": "ServicePrincipal",
            "role_definition_id": "/subscriptions/7951bf18-1fe0-46cb-bfad-4c9ce0b6109a/providers/Microsoft.Authorization/roleDefinitions/7f951dda-4ed3-4680-a7ca-43fe172d538d",
            "role_definition_name": "AcrPull",
            "scope": "/subscriptions/7951bf18-1fe0-46cb-bfad-4c9ce0b6109a/resourceGroups/ai-roomiecheck/providers/Microsoft.ContainerRegistry/registries/airoomiecheck",
            "skip_service_principal_aad_check": null,
            "timeouts": null
          },
          "sensitive_attributes": [],
          "private": "eyJlMmJmYjczMC1lY2FhLTExZTYtOGY4OC0zNDM2M2JjN2M0YzAiOnsiY3JlYXRlIjoxODAwMDAwMDAwMDAwLCJkZWxldGUiOjE4MDAwMDAwMDAwMDAsInJlYWQiOjMwMDAwMDAwMDAwMH19",
          "dependencies": [
            "azurerm_container_registry.acr",
            "azurerm_kubernetes_cluster.aks",
            "azurerm_resource_group.main",
            "azurerm_role_assignment.network_contributor",
            "azurerm_subnet.k8s_subnet",
            "azurerm_user_assigned_identity.user_aid",
            "azurerm_virtual_network.main_vnet"
          ]
        }
      ]
    },
    {
      "mode": "managed",
      "type": "azurerm_role_assignment",
      "name": "network_contributor",
      "provider": "provider[\"registry.terraform.io/hashicorp/azurerm\"]",
      "instances": [
        {
          "schema_version": 0,
          "attributes": {
            "condition": "",
            "condition_version": "",
            "delegated_managed_identity_resource_id": "",
            "description": "",
            "id": "/subscriptions/7951bf18-1fe0-46cb-bfad-4c9ce0b6109a/resourceGroups/ai-roomiecheck/providers/Microsoft.Authorization/roleAssignments/0edecc13-5ac2-4134-1232-217c7030464c",
            "name": "0edecc13-5ac2-4134-1232-217c7030464c",
            "principal_id": "e525e791-13e7-43e7-a11b-cfd7d0acbf19",
            "principal_type": "ServicePrincipal",
            "role_definition_id": "/subscriptions/7951bf18-1fe0-46cb-bfad-4c9ce0b6109a/providers/Microsoft.Authorization/roleDefinitions/4d97b98b-1d4f-4787-a291-c67834d212e7",
            "role_definition_name": "Network Contributor",
            "scope": "/subscriptions/7951bf18-1fe0-46cb-bfad-4c9ce0b6109a/resourceGroups/ai-roomiecheck",
            "skip_service_principal_aad_check": null,
            "timeouts": null
          },
          "sensitive_attributes": [],
          "private": "eyJlMmJmYjczMC1lY2FhLTExZTYtOGY4OC0zNDM2M2JjN2M0YzAiOnsiY3JlYXRlIjoxODAwMDAwMDAwMDAwLCJkZWxldGUiOjE4MDAwMDAwMDAwMDAsInJlYWQiOjMwMDAwMDAwMDAwMH19",
          "dependencies": [
            "azurerm_resource_group.main",
            "azurerm_user_assigned_identity.user_aid"
          ]
        }
      ]
    },
    {
      "mode": "managed",
      "type": "azurerm_storage_account",
      "name": "storage",
      "provider": "provider[\"registry.terraform.io/hashicorp/azurerm\"]",
      "instances": [
        {
          "schema_version": 4,
          "attributes": {
            "access_tier": "Hot",
            "account_kind": "StorageV2",
            "account_replication_type": "LRS",
            "account_tier": "Standard",
            "allow_nested_items_to_be_public": true,
            "allowed_copy_scope": "",
            "azure_files_authentication": [],
            "blob_properties": [
              {
                "change_feed_enabled": false,
                "change_feed_retention_in_days": 0,
                "container_delete_retention_policy": [],
                "cors_rule": [],
                "default_service_version": "",
                "delete_retention_policy": [],
                "last_access_time_enabled": false,
                "restore_policy": [],
                "versioning_enabled": false
              }
            ],
            "cross_tenant_replication_enabled": false,
            "custom_domain": [],
            "customer_managed_key": [],
            "default_to_oauth_authentication": false,
            "dns_endpoint_type": "Standard",
            "edge_zone": "",
            "https_traffic_only_enabled": true,
            "id": "/subscriptions/7951bf18-1fe0-46cb-bfad-4c9ce0b6109a/resourceGroups/ai-roomiecheck/providers/Microsoft.Storage/storageAccounts/airoomiecheckstorage",
            "identity": [],
            "immutability_policy": [],
            "infrastructure_encryption_enabled": false,
            "is_hns_enabled": false,
            "large_file_share_enabled": false,
            "local_user_enabled": true,
            "location": "uksouth",
            "min_tls_version": "TLS1_2",
            "name": "airoomiecheckstorage",
            "network_rules": [],
            "nfsv3_enabled": false,
            "primary_access_key": "HTqD6MyubfE1C3SPiR7f6lql4tNNg/V3D1gHplb3rqpoUZQNRfuthOYAsYgOvXjT3PqCNY7Xsk7t+AStS4+V3w==",
            "primary_blob_connection_string": "DefaultEndpointsProtocol=https;BlobEndpoint=https://airoomiecheckstorage.blob.core.windows.net/;AccountName=airoomiecheckstorage;AccountKey=HTqD6MyubfE1C3SPiR7f6lql4tNNg/V3D1gHplb3rqpoUZQNRfuthOYAsYgOvXjT3PqCNY7Xsk7t+AStS4+V3w==",
            "primary_blob_endpoint": "https://airoomiecheckstorage.blob.core.windows.net/",
            "primary_blob_host": "airoomiecheckstorage.blob.core.windows.net",
            "primary_blob_internet_endpoint": "",
            "primary_blob_internet_host": "",
            "primary_blob_microsoft_endpoint": "",
            "primary_blob_microsoft_host": "",
            "primary_connection_string": "DefaultEndpointsProtocol=https;AccountName=airoomiecheckstorage;AccountKey=HTqD6MyubfE1C3SPiR7f6lql4tNNg/V3D1gHplb3rqpoUZQNRfuthOYAsYgOvXjT3PqCNY7Xsk7t+AStS4+V3w==;EndpointSuffix=core.windows.net",
            "primary_dfs_endpoint": "https://airoomiecheckstorage.dfs.core.windows.net/",
            "primary_dfs_host": "airoomiecheckstorage.dfs.core.windows.net",
            "primary_dfs_internet_endpoint": "",
            "primary_dfs_internet_host": "",
            "primary_dfs_microsoft_endpoint": "",
            "primary_dfs_microsoft_host": "",
            "primary_file_endpoint": "https://airoomiecheckstorage.file.core.windows.net/",
            "primary_file_host": "airoomiecheckstorage.file.core.windows.net",
            "primary_file_internet_endpoint": "",
            "primary_file_internet_host": "",
            "primary_file_microsoft_endpoint": "",
            "primary_file_microsoft_host": "",
            "primary_location": "uksouth",
            "primary_queue_endpoint": "https://airoomiecheckstorage.queue.core.windows.net/",
            "primary_queue_host": "airoomiecheckstorage.queue.core.windows.net",
            "primary_queue_microsoft_endpoint": "",
            "primary_queue_microsoft_host": "",
            "primary_table_endpoint": "https://airoomiecheckstorage.table.core.windows.net/",
            "primary_table_host": "airoomiecheckstorage.table.core.windows.net",
            "primary_table_microsoft_endpoint": "",
            "primary_table_microsoft_host": "",
            "primary_web_endpoint": "https://airoomiecheckstorage.z33.web.core.windows.net/",
            "primary_web_host": "airoomiecheckstorage.z33.web.core.windows.net",
            "primary_web_internet_endpoint": "",
            "primary_web_internet_host": "",
            "primary_web_microsoft_endpoint": "",
            "primary_web_microsoft_host": "",
            "public_network_access_enabled": true,
            "queue_encryption_key_type": "Service",
            "queue_properties": [
              {
                "cors_rule": [],
                "hour_metrics": [
                  {
                    "enabled": true,
                    "include_apis": true,
                    "retention_policy_days": 7,
                    "version": "1.0"
                  }
                ],
                "logging": [
                  {
                    "delete": false,
                    "read": false,
                    "retention_policy_days": 0,
                    "version": "1.0",
                    "write": false
                  }
                ],
                "minute_metrics": [
                  {
                    "enabled": false,
                    "include_apis": false,
                    "retention_policy_days": 0,
                    "version": "1.0"
                  }
                ]
              }
            ],
            "resource_group_name": "ai-roomiecheck",
            "routing": [],
            "sas_policy": [],
            "secondary_access_key": "PQdq4tyi2AUyPyZDCHjRx9wPHLaLlRysju1JapRf3ENRXz+ic4yeEJnBQDdYqtgFpqfrYNAQ0wQ8+AStdlFYrA==",
            "secondary_blob_connection_string": "",
            "secondary_blob_endpoint": "",
            "secondary_blob_host": "",
            "secondary_blob_internet_endpoint": "",
            "secondary_blob_internet_host": "",
            "secondary_blob_microsoft_endpoint": "",
            "secondary_blob_microsoft_host": "",
            "secondary_connection_string": "DefaultEndpointsProtocol=https;AccountName=airoomiecheckstorage;AccountKey=PQdq4tyi2AUyPyZDCHjRx9wPHLaLlRysju1JapRf3ENRXz+ic4yeEJnBQDdYqtgFpqfrYNAQ0wQ8+AStdlFYrA==;EndpointSuffix=core.windows.net",
            "secondary_dfs_endpoint": "",
            "secondary_dfs_host": "",
            "secondary_dfs_internet_endpoint": "",
            "secondary_dfs_internet_host": "",
            "secondary_dfs_microsoft_endpoint": "",
            "secondary_dfs_microsoft_host": "",
            "secondary_file_endpoint": "",
            "secondary_file_host": "",
            "secondary_file_internet_endpoint": "",
            "secondary_file_internet_host": "",
            "secondary_file_microsoft_endpoint": "",
            "secondary_file_microsoft_host": "",
            "secondary_location": "",
            "secondary_queue_endpoint": "",
            "secondary_queue_host": "",
            "secondary_queue_microsoft_endpoint": "",
            "secondary_queue_microsoft_host": "",
            "secondary_table_endpoint": "",
            "secondary_table_host": "",
            "secondary_table_microsoft_endpoint": "",
            "secondary_table_microsoft_host": "",
            "secondary_web_endpoint": "",
            "secondary_web_host": "",
            "secondary_web_internet_endpoint": "",
            "secondary_web_internet_host": "",
            "secondary_web_microsoft_endpoint": "",
            "secondary_web_microsoft_host": "",
            "sftp_enabled": false,
            "share_properties": [
              {
                "cors_rule": [],
                "retention_policy": [
                  {
                    "days": 7
                  }
                ],
                "smb": []
              }
            ],
            "shared_access_key_enabled": true,
            "static_website": [],
            "table_encryption_key_type": "Service",
            "tags": null,
            "timeouts": null
          },
          "sensitive_attributes": [
            [
              {
                "type": "get_attr",
                "value": "secondary_connection_string"
              }
            ],
            [
              {
                "type": "get_attr",
                "value": "primary_blob_connection_string"
              }
            ],
            [
              {
                "type": "get_attr",
                "value": "primary_connection_string"
              }
            ],
            [
              {
                "type": "get_attr",
                "value": "secondary_blob_connection_string"
              }
            ],
            [
              {
                "type": "get_attr",
                "value": "secondary_access_key"
              }
            ],
            [
              {
                "type": "get_attr",
                "value": "primary_access_key"
              }
            ]
          ],
          "private": "eyJlMmJmYjczMC1lY2FhLTExZTYtOGY4OC0zNDM2M2JjN2M0YzAiOnsiY3JlYXRlIjozNjAwMDAwMDAwMDAwLCJkZWxldGUiOjM2MDAwMDAwMDAwMDAsInJlYWQiOjMwMDAwMDAwMDAwMCwidXBkYXRlIjozNjAwMDAwMDAwMDAwfSwic2NoZW1hX3ZlcnNpb24iOiI0In0=",
          "dependencies": [
            "azurerm_resource_group.main"
          ]
        }
      ]
    },
    {
      "mode": "managed",
      "type": "azurerm_storage_share",
      "name": "fileshare",
      "provider": "provider[\"registry.terraform.io/hashicorp/azurerm\"]",
      "instances": [
        {
          "schema_version": 2,
          "attributes": {
            "access_tier": "TransactionOptimized",
            "acl": [],
            "enabled_protocol": "SMB",
            "id": "https://airoomiecheckstorage.file.core.windows.net/common",
            "metadata": {},
            "name": "common",
            "quota": 5,
            "resource_manager_id": "/subscriptions/7951bf18-1fe0-46cb-bfad-4c9ce0b6109a/resourceGroups/ai-roomiecheck/providers/Microsoft.Storage/storageAccounts/airoomiecheckstorage/fileServices/default/fileshares/common",
            "storage_account_name": "airoomiecheckstorage",
            "timeouts": null,
            "url": "https://airoomiecheckstorage.file.core.windows.net/common"
          },
          "sensitive_attributes": [],
          "private": "eyJlMmJmYjczMC1lY2FhLTExZTYtOGY4OC0zNDM2M2JjN2M0YzAiOnsiY3JlYXRlIjoxODAwMDAwMDAwMDAwLCJkZWxldGUiOjE4MDAwMDAwMDAwMDAsInJlYWQiOjMwMDAwMDAwMDAwMCwidXBkYXRlIjoxODAwMDAwMDAwMDAwfSwic2NoZW1hX3ZlcnNpb24iOiIyIn0=",
          "dependencies": [
            "azurerm_resource_group.main",
            "azurerm_storage_account.storage"
          ]
        }
      ]
    },
    {
      "mode": "managed",
      "type": "azurerm_subnet",
      "name": "k8s_subnet",
      "provider": "provider[\"registry.terraform.io/hashicorp/azurerm\"]",
      "instances": [
        {
          "schema_version": 0,
          "attributes": {
            "address_prefixes": [
              "10.0.4.0/24"
            ],
            "default_outbound_access_enabled": true,
            "delegation": [],
            "id": "/subscriptions/7951bf18-1fe0-46cb-bfad-4c9ce0b6109a/resourceGroups/ai-roomiecheck/providers/Microsoft.Network/virtualNetworks/main-vnet/subnets/k8s-subnet",
            "name": "k8s-subnet",
            "private_endpoint_network_policies": "Disabled",
            "private_link_service_network_policies_enabled": true,
            "resource_group_name": "ai-roomiecheck",
            "service_endpoint_policy_ids": null,
            "service_endpoints": null,
            "timeouts": null,
            "virtual_network_name": "main-vnet"
          },
          "sensitive_attributes": [],
          "private": "eyJlMmJmYjczMC1lY2FhLTExZTYtOGY4OC0zNDM2M2JjN2M0YzAiOnsiY3JlYXRlIjoxODAwMDAwMDAwMDAwLCJkZWxldGUiOjE4MDAwMDAwMDAwMDAsInJlYWQiOjMwMDAwMDAwMDAwMCwidXBkYXRlIjoxODAwMDAwMDAwMDAwfX0=",
          "dependencies": [
            "azurerm_resource_group.main",
            "azurerm_virtual_network.main_vnet"
          ]
        }
      ]
    },
    {
      "mode": "managed",
      "type": "azurerm_user_assigned_identity",
      "name": "user_aid",
      "provider": "provider[\"registry.terraform.io/hashicorp/azurerm\"]",
      "instances": [
        {
          "schema_version": 1,
          "attributes": {
            "client_id": "77d8f9f2-e5a8-4a82-9ecb-21423dd7d62c",
            "id": "/subscriptions/7951bf18-1fe0-46cb-bfad-4c9ce0b6109a/resourceGroups/ai-roomiecheck/providers/Microsoft.ManagedIdentity/userAssignedIdentities/aks-identity",
            "location": "uksouth",
            "name": "aks-identity",
            "principal_id": "e525e791-13e7-43e7-a11b-cfd7d0acbf19",
            "resource_group_name": "ai-roomiecheck",
            "tags": null,
            "tenant_id": "0f70851e-ec4b-4015-938b-fc12bae83a9b",
            "timeouts": null
          },
          "sensitive_attributes": [],
          "private": "eyJlMmJmYjczMC1lY2FhLTExZTYtOGY4OC0zNDM2M2JjN2M0YzAiOnsiY3JlYXRlIjoxODAwMDAwMDAwMDAwLCJkZWxldGUiOjE4MDAwMDAwMDAwMDAsInJlYWQiOjMwMDAwMDAwMDAwMCwidXBkYXRlIjoxODAwMDAwMDAwMDAwfSwic2NoZW1hX3ZlcnNpb24iOiIxIn0=",
          "dependencies": [
            "azurerm_resource_group.main"
          ]
        }
      ]
    },
    {
      "mode": "managed",
      "type": "azurerm_virtual_network",
      "name": "main_vnet",
      "provider": "provider[\"registry.terraform.io/hashicorp/azurerm\"]",
      "instances": [
        {
          "schema_version": 0,
          "attributes": {
            "address_space": [
              "10.0.0.0/16"
            ],
            "bgp_community": "",
            "ddos_protection_plan": [],
            "dns_servers": [],
            "edge_zone": "",
            "encryption": [],
            "flow_timeout_in_minutes": 0,
            "guid": "7ac91791-19d2-43ff-ae05-2f3e78f2d6c7",
            "id": "/subscriptions/7951bf18-1fe0-46cb-bfad-4c9ce0b6109a/resourceGroups/ai-roomiecheck/providers/Microsoft.Network/virtualNetworks/main-vnet",
            "location": "uksouth",
            "name": "main-vnet",
            "resource_group_name": "ai-roomiecheck",
            "subnet": [],
            "tags": null,
            "timeouts": null
          },
          "sensitive_attributes": [],
          "private": "eyJlMmJmYjczMC1lY2FhLTExZTYtOGY4OC0zNDM2M2JjN2M0YzAiOnsiY3JlYXRlIjoxODAwMDAwMDAwMDAwLCJkZWxldGUiOjE4MDAwMDAwMDAwMDAsInJlYWQiOjMwMDAwMDAwMDAwMCwidXBkYXRlIjoxODAwMDAwMDAwMDAwfX0=",
          "dependencies": [
            "azurerm_resource_group.main"
          ]
        }
      ]
    },
    {
      "mode": "managed",
      "type": "helm_release",
      "name": "api",
      "provider": "provider[\"registry.terraform.io/hashicorp/helm\"]",
      "instances": [
        {
          "schema_version": 1,
          "attributes": {
            "atomic": false,
            "chart": "./charts/api",
            "cleanup_on_fail": false,
            "create_namespace": false,
            "dependency_update": false,
            "description": null,
            "devel": null,
            "disable_crd_hooks": false,
            "disable_openapi_validation": false,
            "disable_webhooks": false,
            "force_update": false,
            "id": "api",
            "keyring": null,
            "lint": false,
            "manifest": null,
            "max_history": 0,
            "metadata": [
              {
                "app_version": "",
                "chart": "api",
                "first_deployed": 1734025230,
                "last_deployed": 1734025230,
                "name": "api",
                "namespace": "default",
                "notes": "",
                "revision": 1,
                "values": "{\"baseFrontUrl\":\"https://ai.roomiecheck.com\",\"cdnHost\":\"https://cdn.ai.roomiecheck.com\",\"chart-hash\":\"9170071f691047381fdcda6bb14c7020acd3f732\",\"corsHost\":\"https://ai.roomiecheck.com\",\"fileshareName\":\"common\",\"jwtPrivateKey\":\"-----BEGIN RSA PRIVATE KEY-----\\nMIIEpAIBAAKCAQEAtUOl3bhGF4wA3DExA/Oobf5IaP4Cf3J0D96DW7UtK0vpADP8\\n0PhQTQ7aESBRP8tqWCjWKUp2MUZoLhX5r2zOcpWG87vnAxIEyTbM7gm8rl/kJuxK\\n6V1oOFeXUfOc2PoeREkPgDUZWKvQqYraOxzR3bw3ne9wUXmH16m4eYk/d37+m2va\\n/cbdMxXgqNfIxP/EtVYYQNYSe1uZvhsFw3rKv2yKx9iel+EozIMv4DaD0pLjDabp\\nPE8OaNLlOdgIjCTfcUT6UVwZgBaLmhWNvn7BiW8dihlhdmSTfAld56E4KYWTaYL5\\nRSifBAKHI95tP0gOpncEsvTgzfOd8krjq5igaQIDAQABAoIBAGg1TO0r3Hf7EB+G\\n1EQOV31s29oode0pMppQ9TnK7f3fNUPdn3HP3/J9IFcKOkuvuSKXz4+LdGmdrZUZ\\nIyN8LS/o0N3c39F/EWtQav5KcMPa8wKBhAunnJwPlzoRENIY8T+WtSei30B//oUK\\nA65KQkj0xRCyL+NXOAZ/V0Pf6LHcQ9iP1Y9Dhj15KF88bH1Ugo/VcKpa3zQYfiEg\\n8dyHb2iadUYZ09HGo3al4vVyvyYLApkj1cwadjo1UjkPcbhYE68DHN1FUlryIboi\\ncFnh/vpR29gT9rK+CzXopKxnAwvfKBSBE0cq6W+2JIoS/ubz5pA4H70szH9osWj/\\n28EuCwECgYEA3oXdRWjjtHol0/Aghy/GW1UN8Hrvgb2TeAVG5zYsBpA5srz8lUmy\\nsbvy1WlFcLPoQhoJpirw46cjr5A52D42cbxk1o7Hs69s7FbmSmBvj9Itl4HUEp6h\\n1Y3rWoIip+TdVMFm3WtaTTrhzTHHVe9p6ph4xQAaJTOo11mNQhElhIkCgYEA0IjE\\nsFhHaq11e6d8c2jLXfjxXVYUDSoJC7eESGyCFhtHGzJH9JkhLFlwuioK3qWEjeKM\\n1USAkNj+MaF68lUUpeB6VI5nGAkYXpU284rVWJCw4QvdyzhLFSVZ/DbaBAkKQBX6\\nNIpsYoX3Uz5uPtmfapolvULA5uj443ZRR43lBOECgYEAoT/6J2kp0MfPD7TrrWsG\\nX3rUHhbH5ol9CrUwOy47Wwo6dXaTxo7gSgF7qACgDFqijPwXT+3AIAgnSPrHoBb9\\nFxBBNmXC+0e9M8qJGQ6m6V6SIT84ccG4Xmt4SF8TQ/0KEngP1ZYMmvh3Vl2jKHfU\\nlealZYR8bcbwrBU90slgGZkCgYEAtijCp8h1mhorpfiIHchM3am4LXAj09wEStfk\\nFd+zQtxRINCrSl75O2RltDlFhXfQcqCTpThRljX21iPY4hawErYkJfi+1aAcSYLO\\nna+I7fR2jh9vfzWNYMtf75F6oEvFSHXqOjswsl+TzIOcigpP1y8QCGNnXk3kG84e\\n8gJhLAECgYBO32nnQLSsns3x7HpOCHXksFqHY+zfCH+8NzzSKjYcuhrp8YBpn6Sk\\nQllhOHIg3H8YZESBwd8/8KT1mut1S6b02EQvSz2F8ShpWLSsy35B0E0zqs4Ceet7\\n0p4+qurMZ09IjX9Z0rlEBWds5638t1fgPnOYd2rpFG2iJKxHLc3ZVg==\\n-----END RSA PRIVATE KEY-----\",\"jwtPublicKey\":\"-----BEGIN PUBLIC KEY-----\\nMIIBIjANBgkqhkiG9w0BAQEFAAOCAQ8AMIIBCgKCAQEAtUOl3bhGF4wA3DExA/Oo\\nbf5IaP4Cf3J0D96DW7UtK0vpADP80PhQTQ7aESBRP8tqWCjWKUp2MUZoLhX5r2zO\\ncpWG87vnAxIEyTbM7gm8rl/kJuxK6V1oOFeXUfOc2PoeREkPgDUZWKvQqYraOxzR\\n3bw3ne9wUXmH16m4eYk/d37+m2va/cbdMxXgqNfIxP/EtVYYQNYSe1uZvhsFw3rK\\nv2yKx9iel+EozIMv4DaD0pLjDabpPE8OaNLlOdgIjCTfcUT6UVwZgBaLmhWNvn7B\\niW8dihlhdmSTfAld56E4KYWTaYL5RSifBAKHI95tP0gOpncEsvTgzfOd8krjq5ig\\naQIDAQAB\\n-----END PUBLIC KEY-----\",\"postgresDb\":\"production\",\"postgresHost\":\"postgres-service.postgres.svc.cluster.local\",\"postgresPassword\":\"fertfert123\",\"postgresPort\":5432,\"postgresUser\":\"postgres\",\"rabbitmqHost\":\"rabbitmq-service.rabbitmq.svc.cluster.local\",\"rabbitmqPassword\":\"fertfert123\",\"rabbitmqPort\":5672,\"rabbitmqUsername\":\"rabbitmq\",\"redisHost\":\"redis-service.redis.svc.cluster.local\",\"redisPassword\":\"fertfert123\",\"redisPort\":6379,\"storageAccountKey\":\"HTqD6MyubfE1C3SPiR7f6lql4tNNg/V3D1gHplb3rqpoUZQNRfuthOYAsYgOvXjT3PqCNY7Xsk7t+AStS4+V3w==\",\"storageAccountName\":\"airoomiecheckstorage\",\"storageQuota\":5}",
                "version": "1.0.0"
              }
            ],
            "name": "api",
            "namespace": "default",
            "pass_credentials": false,
            "postrender": [],
            "recreate_pods": false,
            "render_subchart_notes": true,
            "replace": false,
            "repository": null,
            "repository_ca_file": null,
            "repository_cert_file": null,
            "repository_key_file": null,
            "repository_password": null,
            "repository_username": null,
            "reset_values": true,
            "reuse_values": false,
            "set": [
              {
                "name": "baseFrontUrl",
                "type": "",
                "value": "https://ai.roomiecheck.com"
              },
              {
                "name": "cdnHost",
                "type": "",
                "value": "https://cdn.ai.roomiecheck.com"
              },
              {
                "name": "chart-hash",
                "type": "",
                "value": "9170071f691047381fdcda6bb14c7020acd3f732"
              },
              {
                "name": "corsHost",
                "type": "",
                "value": "https://ai.roomiecheck.com"
              },
              {
                "name": "fileshareName",
                "type": "",
                "value": "common"
              },
              {
                "name": "jwtPrivateKey",
                "type": "",
                "value": "-----BEGIN RSA PRIVATE KEY-----\nMIIEpAIBAAKCAQEAtUOl3bhGF4wA3DExA/Oobf5IaP4Cf3J0D96DW7UtK0vpADP8\n0PhQTQ7aESBRP8tqWCjWKUp2MUZoLhX5r2zOcpWG87vnAxIEyTbM7gm8rl/kJuxK\n6V1oOFeXUfOc2PoeREkPgDUZWKvQqYraOxzR3bw3ne9wUXmH16m4eYk/d37+m2va\n/cbdMxXgqNfIxP/EtVYYQNYSe1uZvhsFw3rKv2yKx9iel+EozIMv4DaD0pLjDabp\nPE8OaNLlOdgIjCTfcUT6UVwZgBaLmhWNvn7BiW8dihlhdmSTfAld56E4KYWTaYL5\nRSifBAKHI95tP0gOpncEsvTgzfOd8krjq5igaQIDAQABAoIBAGg1TO0r3Hf7EB+G\n1EQOV31s29oode0pMppQ9TnK7f3fNUPdn3HP3/J9IFcKOkuvuSKXz4+LdGmdrZUZ\nIyN8LS/o0N3c39F/EWtQav5KcMPa8wKBhAunnJwPlzoRENIY8T+WtSei30B//oUK\nA65KQkj0xRCyL+NXOAZ/V0Pf6LHcQ9iP1Y9Dhj15KF88bH1Ugo/VcKpa3zQYfiEg\n8dyHb2iadUYZ09HGo3al4vVyvyYLApkj1cwadjo1UjkPcbhYE68DHN1FUlryIboi\ncFnh/vpR29gT9rK+CzXopKxnAwvfKBSBE0cq6W+2JIoS/ubz5pA4H70szH9osWj/\n28EuCwECgYEA3oXdRWjjtHol0/Aghy/GW1UN8Hrvgb2TeAVG5zYsBpA5srz8lUmy\nsbvy1WlFcLPoQhoJpirw46cjr5A52D42cbxk1o7Hs69s7FbmSmBvj9Itl4HUEp6h\n1Y3rWoIip+TdVMFm3WtaTTrhzTHHVe9p6ph4xQAaJTOo11mNQhElhIkCgYEA0IjE\nsFhHaq11e6d8c2jLXfjxXVYUDSoJC7eESGyCFhtHGzJH9JkhLFlwuioK3qWEjeKM\n1USAkNj+MaF68lUUpeB6VI5nGAkYXpU284rVWJCw4QvdyzhLFSVZ/DbaBAkKQBX6\nNIpsYoX3Uz5uPtmfapolvULA5uj443ZRR43lBOECgYEAoT/6J2kp0MfPD7TrrWsG\nX3rUHhbH5ol9CrUwOy47Wwo6dXaTxo7gSgF7qACgDFqijPwXT+3AIAgnSPrHoBb9\nFxBBNmXC+0e9M8qJGQ6m6V6SIT84ccG4Xmt4SF8TQ/0KEngP1ZYMmvh3Vl2jKHfU\nlealZYR8bcbwrBU90slgGZkCgYEAtijCp8h1mhorpfiIHchM3am4LXAj09wEStfk\nFd+zQtxRINCrSl75O2RltDlFhXfQcqCTpThRljX21iPY4hawErYkJfi+1aAcSYLO\nna+I7fR2jh9vfzWNYMtf75F6oEvFSHXqOjswsl+TzIOcigpP1y8QCGNnXk3kG84e\n8gJhLAECgYBO32nnQLSsns3x7HpOCHXksFqHY+zfCH+8NzzSKjYcuhrp8YBpn6Sk\nQllhOHIg3H8YZESBwd8/8KT1mut1S6b02EQvSz2F8ShpWLSsy35B0E0zqs4Ceet7\n0p4+qurMZ09IjX9Z0rlEBWds5638t1fgPnOYd2rpFG2iJKxHLc3ZVg==\n-----END RSA PRIVATE KEY-----"
              },
              {
                "name": "jwtPublicKey",
                "type": "",
                "value": "-----BEGIN PUBLIC KEY-----\nMIIBIjANBgkqhkiG9w0BAQEFAAOCAQ8AMIIBCgKCAQEAtUOl3bhGF4wA3DExA/Oo\nbf5IaP4Cf3J0D96DW7UtK0vpADP80PhQTQ7aESBRP8tqWCjWKUp2MUZoLhX5r2zO\ncpWG87vnAxIEyTbM7gm8rl/kJuxK6V1oOFeXUfOc2PoeREkPgDUZWKvQqYraOxzR\n3bw3ne9wUXmH16m4eYk/d37+m2va/cbdMxXgqNfIxP/EtVYYQNYSe1uZvhsFw3rK\nv2yKx9iel+EozIMv4DaD0pLjDabpPE8OaNLlOdgIjCTfcUT6UVwZgBaLmhWNvn7B\niW8dihlhdmSTfAld56E4KYWTaYL5RSifBAKHI95tP0gOpncEsvTgzfOd8krjq5ig\naQIDAQAB\n-----END PUBLIC KEY-----"
              },
              {
                "name": "postgresDb",
                "type": "",
                "value": "production"
              },
              {
                "name": "postgresHost",
                "type": "",
                "value": "postgres-service.postgres.svc.cluster.local"
              },
              {
                "name": "postgresPassword",
                "type": "",
                "value": "fertfert123"
              },
              {
                "name": "postgresPort",
                "type": "",
                "value": "5432"
              },
              {
                "name": "postgresUser",
                "type": "",
                "value": "postgres"
              },
              {
                "name": "rabbitmqHost",
                "type": "",
                "value": "rabbitmq-service.rabbitmq.svc.cluster.local"
              },
              {
                "name": "rabbitmqPassword",
                "type": "",
                "value": "fertfert123"
              },
              {
                "name": "rabbitmqPort",
                "type": "",
                "value": "5672"
              },
              {
                "name": "rabbitmqUsername",
                "type": "",
                "value": "rabbitmq"
              },
              {
                "name": "redisHost",
                "type": "",
                "value": "redis-service.redis.svc.cluster.local"
              },
              {
                "name": "redisPassword",
                "type": "",
                "value": "fertfert123"
              },
              {
                "name": "redisPort",
                "type": "",
                "value": "6379"
              },
              {
                "name": "storageAccountKey",
                "type": "",
                "value": "HTqD6MyubfE1C3SPiR7f6lql4tNNg/V3D1gHplb3rqpoUZQNRfuthOYAsYgOvXjT3PqCNY7Xsk7t+AStS4+V3w=="
              },
              {
                "name": "storageAccountName",
                "type": "",
                "value": "airoomiecheckstorage"
              },
              {
                "name": "storageQuota",
                "type": "",
                "value": "5"
              }
            ],
            "set_list": [],
            "set_sensitive": [],
            "skip_crds": false,
            "status": "deployed",
            "timeout": 300,
            "upgrade_install": null,
            "values": null,
            "verify": false,
            "version": "1.0.0",
            "wait": true,
            "wait_for_jobs": false
          },
          "sensitive_attributes": [
            [
              {
                "type": "get_attr",
                "value": "repository_password"
              }
            ],
            [
              {
                "type": "get_attr",
                "value": "set"
              }
            ]
          ],
          "private": "eyJzY2hlbWFfdmVyc2lvbiI6IjEifQ==",
          "dependencies": [
            "azurerm_kubernetes_cluster.aks",
            "azurerm_resource_group.main",
            "azurerm_role_assignment.network_contributor",
            "azurerm_storage_account.storage",
            "azurerm_storage_share.fileshare",
            "azurerm_subnet.k8s_subnet",
            "azurerm_user_assigned_identity.user_aid",
            "azurerm_virtual_network.main_vnet",
            "local_file.kubeconfig"
          ]
        }
      ]
    },
    {
      "mode": "managed",
      "type": "helm_release",
      "name": "caddy",
      "provider": "provider[\"registry.terraform.io/hashicorp/helm\"]",
      "instances": [
        {
          "schema_version": 1,
          "attributes": {
            "atomic": false,
            "chart": "./charts/caddy",
            "cleanup_on_fail": false,
            "create_namespace": false,
            "dependency_update": false,
            "description": null,
            "devel": null,
            "disable_crd_hooks": false,
            "disable_openapi_validation": false,
            "disable_webhooks": false,
            "force_update": false,
            "id": "caddy",
            "keyring": null,
            "lint": false,
            "manifest": null,
            "max_history": 0,
            "metadata": [
              {
                "app_version": "",
                "chart": "caddy",
                "first_deployed": 1734025230,
                "last_deployed": 1734025230,
                "name": "caddy",
                "namespace": "default",
                "notes": "",
                "revision": 1,
                "values": "{\"chart-hash\":\"11de227f15952a085369d706ff63fbcdf0e797c5\",\"corsDomain\":\"ai.roomiecheck.com\",\"domains\":[{\"localAddress\":\"api-service.api.svc.cluster.local:80\",\"name\":\"api.ai.roomiecheck.com\"},{\"localAddress\":\"cdn-service.cdn.svc.cluster.local:80\",\"name\":\"cdn.ai.roomiecheck.com\"},{\"localAddress\":\"web-service.web.svc.cluster.local:80\",\"name\":\"ai.roomiecheck.com\"},{\"localAddress\":\"ws-service.ws.svc.cluster.local:80\",\"name\":\"ws.ai.roomiecheck.com\"}],\"email\":\"azafdddf@dsd.com\"}",
                "version": "1.0.0"
              }
            ],
            "name": "caddy",
            "namespace": "default",
            "pass_credentials": false,
            "postrender": [],
            "recreate_pods": false,
            "render_subchart_notes": true,
            "replace": false,
            "repository": null,
            "repository_ca_file": null,
            "repository_cert_file": null,
            "repository_key_file": null,
            "repository_password": null,
            "repository_username": null,
            "reset_values": true,
            "reuse_values": false,
            "set": [
              {
                "name": "chart-hash",
                "type": "",
                "value": "11de227f15952a085369d706ff63fbcdf0e797c5"
              },
              {
                "name": "corsDomain",
                "type": "",
                "value": "ai.roomiecheck.com"
              },
              {
                "name": "domains[0].localAddress",
                "type": "",
                "value": "api-service.api.svc.cluster.local:80"
              },
              {
                "name": "domains[0].name",
                "type": "",
                "value": "api.ai.roomiecheck.com"
              },
              {
                "name": "domains[1].localAddress",
                "type": "",
                "value": "cdn-service.cdn.svc.cluster.local:80"
              },
              {
                "name": "domains[1].name",
                "type": "",
                "value": "cdn.ai.roomiecheck.com"
              },
              {
                "name": "domains[2].localAddress",
                "type": "",
                "value": "web-service.web.svc.cluster.local:80"
              },
              {
                "name": "domains[2].name",
                "type": "",
                "value": "ai.roomiecheck.com"
              },
              {
                "name": "domains[3].localAddress",
                "type": "",
                "value": "ws-service.ws.svc.cluster.local:80"
              },
              {
                "name": "domains[3].name",
                "type": "",
                "value": "ws.ai.roomiecheck.com"
              },
              {
                "name": "email",
                "type": "",
                "value": "azafdddf@dsd.com"
              }
            ],
            "set_list": [],
            "set_sensitive": [],
            "skip_crds": false,
            "status": "deployed",
            "timeout": 300,
            "upgrade_install": null,
            "values": null,
            "verify": false,
            "version": "1.0.0",
            "wait": true,
            "wait_for_jobs": false
          },
          "sensitive_attributes": [
            [
              {
                "type": "get_attr",
                "value": "repository_password"
              }
            ]
          ],
          "private": "eyJzY2hlbWFfdmVyc2lvbiI6IjEifQ==",
          "dependencies": [
            "azurerm_kubernetes_cluster.aks",
            "azurerm_resource_group.main",
            "azurerm_role_assignment.network_contributor",
            "azurerm_subnet.k8s_subnet",
            "azurerm_user_assigned_identity.user_aid",
            "azurerm_virtual_network.main_vnet",
            "local_file.kubeconfig"
          ]
        }
      ]
    },
    {
      "mode": "managed",
      "type": "helm_release",
      "name": "cdn",
      "provider": "provider[\"registry.terraform.io/hashicorp/helm\"]",
      "instances": [
        {
          "schema_version": 1,
          "attributes": {
            "atomic": false,
            "chart": "./charts/cdn",
            "cleanup_on_fail": false,
            "create_namespace": false,
            "dependency_update": false,
            "description": null,
            "devel": null,
            "disable_crd_hooks": false,
            "disable_openapi_validation": false,
            "disable_webhooks": false,
            "force_update": false,
            "id": "cdn",
            "keyring": null,
            "lint": false,
            "manifest": null,
            "max_history": 0,
            "metadata": [
              {
                "app_version": "",
                "chart": "cdn",
                "first_deployed": 1734025230,
                "last_deployed": 1734025230,
                "name": "cdn",
                "namespace": "default",
                "notes": "",
                "revision": 1,
                "values": "{\"chart-hash\":\"1f06e71502fa8f06c6ffb02b9003e7448ea53136\",\"fileshareName\":\"common\",\"storageAccountKey\":\"HTqD6MyubfE1C3SPiR7f6lql4tNNg/V3D1gHplb3rqpoUZQNRfuthOYAsYgOvXjT3PqCNY7Xsk7t+AStS4+V3w==\",\"storageAccountName\":\"airoomiecheckstorage\",\"storageQuota\":5}",
                "version": "1.0.0"
              }
            ],
            "name": "cdn",
            "namespace": "default",
            "pass_credentials": false,
            "postrender": [],
            "recreate_pods": false,
            "render_subchart_notes": true,
            "replace": false,
            "repository": null,
            "repository_ca_file": null,
            "repository_cert_file": null,
            "repository_key_file": null,
            "repository_password": null,
            "repository_username": null,
            "reset_values": true,
            "reuse_values": false,
            "set": [
              {
                "name": "chart-hash",
                "type": "",
                "value": "1f06e71502fa8f06c6ffb02b9003e7448ea53136"
              },
              {
                "name": "fileshareName",
                "type": "",
                "value": "common"
              },
              {
                "name": "storageAccountKey",
                "type": "",
                "value": "HTqD6MyubfE1C3SPiR7f6lql4tNNg/V3D1gHplb3rqpoUZQNRfuthOYAsYgOvXjT3PqCNY7Xsk7t+AStS4+V3w=="
              },
              {
                "name": "storageAccountName",
                "type": "",
                "value": "airoomiecheckstorage"
              },
              {
                "name": "storageQuota",
                "type": "",
                "value": "5"
              }
            ],
            "set_list": [],
            "set_sensitive": [],
            "skip_crds": false,
            "status": "deployed",
            "timeout": 300,
            "upgrade_install": null,
            "values": null,
            "verify": false,
            "version": "1.0.0",
            "wait": true,
            "wait_for_jobs": false
          },
          "sensitive_attributes": [
            [
              {
                "type": "get_attr",
                "value": "set"
              }
            ],
            [
              {
                "type": "get_attr",
                "value": "repository_password"
              }
            ]
          ],
          "private": "eyJzY2hlbWFfdmVyc2lvbiI6IjEifQ==",
          "dependencies": [
            "azurerm_kubernetes_cluster.aks",
            "azurerm_resource_group.main",
            "azurerm_role_assignment.network_contributor",
            "azurerm_storage_account.storage",
            "azurerm_storage_share.fileshare",
            "azurerm_subnet.k8s_subnet",
            "azurerm_user_assigned_identity.user_aid",
            "azurerm_virtual_network.main_vnet",
            "local_file.kubeconfig"
          ]
        }
      ]
    },
    {
      "mode": "managed",
      "type": "helm_release",
      "name": "postgres",
      "provider": "provider[\"registry.terraform.io/hashicorp/helm\"]",
      "instances": [
        {
          "schema_version": 1,
          "attributes": {
            "atomic": false,
            "chart": "./charts/postgres",
            "cleanup_on_fail": false,
            "create_namespace": false,
            "dependency_update": false,
            "description": null,
            "devel": null,
            "disable_crd_hooks": false,
            "disable_openapi_validation": false,
            "disable_webhooks": false,
            "force_update": false,
            "id": "postgres",
            "keyring": null,
            "lint": false,
            "manifest": null,
            "max_history": 0,
            "metadata": [
              {
                "app_version": "",
                "chart": "postgres",
                "first_deployed": 1734025230,
                "last_deployed": 1734025230,
                "name": "postgres",
                "namespace": "default",
                "notes": "",
                "revision": 1,
                "values": "{\"chart-hash\":\"8caca9c64c7c9f2844b76673b8743200c43ffd9a\",\"db\":\"production\",\"host\":\"postgres-service.postgres.svc.cluster.local\",\"password\":\"fertfert123\",\"port\":5432,\"storageQuota\":3,\"user\":\"postgres\"}",
                "version": "1.0.0"
              }
            ],
            "name": "postgres",
            "namespace": "default",
            "pass_credentials": false,
            "postrender": [],
            "recreate_pods": false,
            "render_subchart_notes": true,
            "replace": false,
            "repository": null,
            "repository_ca_file": null,
            "repository_cert_file": null,
            "repository_key_file": null,
            "repository_password": null,
            "repository_username": null,
            "reset_values": true,
            "reuse_values": false,
            "set": [
              {
                "name": "chart-hash",
                "type": "",
                "value": "8caca9c64c7c9f2844b76673b8743200c43ffd9a"
              },
              {
                "name": "db",
                "type": "",
                "value": "production"
              },
              {
                "name": "host",
                "type": "",
                "value": "postgres-service.postgres.svc.cluster.local"
              },
              {
                "name": "password",
                "type": "",
                "value": "fertfert123"
              },
              {
                "name": "port",
                "type": "",
                "value": "5432"
              },
              {
                "name": "storageQuota",
                "type": "",
                "value": "3"
              },
              {
                "name": "user",
                "type": "",
                "value": "postgres"
              }
            ],
            "set_list": [],
            "set_sensitive": [],
            "skip_crds": false,
            "status": "deployed",
            "timeout": 300,
            "upgrade_install": null,
            "values": null,
            "verify": false,
            "version": "1.0.0",
            "wait": true,
            "wait_for_jobs": false
          },
          "sensitive_attributes": [
            [
              {
                "type": "get_attr",
                "value": "repository_password"
              }
            ]
          ],
          "private": "eyJzY2hlbWFfdmVyc2lvbiI6IjEifQ==",
          "dependencies": [
            "azurerm_kubernetes_cluster.aks",
            "azurerm_resource_group.main",
            "azurerm_role_assignment.network_contributor",
            "azurerm_subnet.k8s_subnet",
            "azurerm_user_assigned_identity.user_aid",
            "azurerm_virtual_network.main_vnet",
            "local_file.kubeconfig"
          ]
        }
      ]
    },
    {
      "mode": "managed",
      "type": "helm_release",
      "name": "rabbitmq",
      "provider": "provider[\"registry.terraform.io/hashicorp/helm\"]",
      "instances": [
        {
          "schema_version": 1,
          "attributes": {
            "atomic": false,
            "chart": "./charts/rabbitmq",
            "cleanup_on_fail": false,
            "create_namespace": false,
            "dependency_update": false,
            "description": null,
            "devel": null,
            "disable_crd_hooks": false,
            "disable_openapi_validation": false,
            "disable_webhooks": false,
            "force_update": false,
            "id": "rabbitmq",
            "keyring": null,
            "lint": false,
            "manifest": null,
            "max_history": 0,
            "metadata": [
              {
                "app_version": "",
                "chart": "rabbitmq",
                "first_deployed": 1734025230,
                "last_deployed": 1734025230,
                "name": "rabbitmq",
                "namespace": "default",
                "notes": "",
                "revision": 1,
                "values": "{\"chart-hash\":\"7ea12f568e60ce85a17ba089ec63969c833ba408\",\"host\":\"rabbitmq-service.rabbitmq.svc.cluster.local\",\"managementPort\":15672,\"password\":\"fertfert123\",\"port\":5672,\"storageQuota\":1,\"username\":\"rabbitmq\"}",
                "version": "1.0.0"
              }
            ],
            "name": "rabbitmq",
            "namespace": "default",
            "pass_credentials": false,
            "postrender": [],
            "recreate_pods": false,
            "render_subchart_notes": true,
            "replace": false,
            "repository": null,
            "repository_ca_file": null,
            "repository_cert_file": null,
            "repository_key_file": null,
            "repository_password": null,
            "repository_username": null,
            "reset_values": true,
            "reuse_values": false,
            "set": [
              {
                "name": "chart-hash",
                "type": "",
                "value": "7ea12f568e60ce85a17ba089ec63969c833ba408"
              },
              {
                "name": "host",
                "type": "",
                "value": "rabbitmq-service.rabbitmq.svc.cluster.local"
              },
              {
                "name": "managementPort",
                "type": "",
                "value": "15672"
              },
              {
                "name": "password",
                "type": "",
                "value": "fertfert123"
              },
              {
                "name": "port",
                "type": "",
                "value": "5672"
              },
              {
                "name": "storageQuota",
                "type": "",
                "value": "1"
              },
              {
                "name": "username",
                "type": "",
                "value": "rabbitmq"
              }
            ],
            "set_list": [],
            "set_sensitive": [],
            "skip_crds": false,
            "status": "deployed",
            "timeout": 300,
            "upgrade_install": null,
            "values": null,
            "verify": false,
            "version": "1.0.0",
            "wait": true,
            "wait_for_jobs": false
          },
          "sensitive_attributes": [
            [
              {
                "type": "get_attr",
                "value": "repository_password"
              }
            ]
          ],
          "private": "eyJzY2hlbWFfdmVyc2lvbiI6IjEifQ==",
          "dependencies": [
            "azurerm_kubernetes_cluster.aks",
            "azurerm_resource_group.main",
            "azurerm_role_assignment.network_contributor",
            "azurerm_subnet.k8s_subnet",
            "azurerm_user_assigned_identity.user_aid",
            "azurerm_virtual_network.main_vnet",
            "local_file.kubeconfig"
          ]
        }
      ]
    },
    {
      "mode": "managed",
      "type": "helm_release",
      "name": "redis",
      "provider": "provider[\"registry.terraform.io/hashicorp/helm\"]",
      "instances": [
        {
          "schema_version": 1,
          "attributes": {
            "atomic": false,
            "chart": "./charts/redis",
            "cleanup_on_fail": false,
            "create_namespace": false,
            "dependency_update": false,
            "description": null,
            "devel": null,
            "disable_crd_hooks": false,
            "disable_openapi_validation": false,
            "disable_webhooks": false,
            "force_update": false,
            "id": "redis",
            "keyring": null,
            "lint": false,
            "manifest": null,
            "max_history": 0,
            "metadata": [
              {
                "app_version": "",
                "chart": "redis",
                "first_deployed": 1734025230,
                "last_deployed": 1734025230,
                "name": "redis",
                "namespace": "default",
                "notes": "",
                "revision": 1,
                "values": "{\"chart-hash\":\"0235b9aea82b771f2d1acb77ae96d1e1c635ffb6\",\"host\":\"redis-service.redis.svc.cluster.local\",\"password\":\"fertfert123\",\"port\":6379,\"storageQuota\":1}",
                "version": "1.0.0"
              }
            ],
            "name": "redis",
            "namespace": "default",
            "pass_credentials": false,
            "postrender": [],
            "recreate_pods": false,
            "render_subchart_notes": true,
            "replace": false,
            "repository": null,
            "repository_ca_file": null,
            "repository_cert_file": null,
            "repository_key_file": null,
            "repository_password": null,
            "repository_username": null,
            "reset_values": true,
            "reuse_values": false,
            "set": [
              {
                "name": "chart-hash",
                "type": "",
                "value": "0235b9aea82b771f2d1acb77ae96d1e1c635ffb6"
              },
              {
                "name": "host",
                "type": "",
                "value": "redis-service.redis.svc.cluster.local"
              },
              {
                "name": "password",
                "type": "",
                "value": "fertfert123"
              },
              {
                "name": "port",
                "type": "",
                "value": "6379"
              },
              {
                "name": "storageQuota",
                "type": "",
                "value": "1"
              }
            ],
            "set_list": [],
            "set_sensitive": [],
            "skip_crds": false,
            "status": "deployed",
            "timeout": 300,
            "upgrade_install": null,
            "values": null,
            "verify": false,
            "version": "1.0.0",
            "wait": true,
            "wait_for_jobs": false
          },
          "sensitive_attributes": [
            [
              {
                "type": "get_attr",
                "value": "repository_password"
              }
            ]
          ],
          "private": "eyJzY2hlbWFfdmVyc2lvbiI6IjEifQ==",
          "dependencies": [
            "azurerm_kubernetes_cluster.aks",
            "azurerm_resource_group.main",
            "azurerm_role_assignment.network_contributor",
            "azurerm_subnet.k8s_subnet",
            "azurerm_user_assigned_identity.user_aid",
            "azurerm_virtual_network.main_vnet",
            "local_file.kubeconfig"
          ]
        }
      ]
    },
    {
      "mode": "managed",
      "type": "helm_release",
      "name": "web",
      "provider": "provider[\"registry.terraform.io/hashicorp/helm\"]",
      "instances": [
        {
          "schema_version": 1,
          "attributes": {
            "atomic": false,
            "chart": "./charts/web",
            "cleanup_on_fail": false,
            "create_namespace": false,
            "dependency_update": false,
            "description": null,
            "devel": null,
            "disable_crd_hooks": false,
            "disable_openapi_validation": false,
            "disable_webhooks": false,
            "force_update": false,
            "id": "web",
            "keyring": null,
            "lint": false,
            "manifest": null,
            "max_history": 0,
            "metadata": [
              {
                "app_version": "",
                "chart": "web",
                "first_deployed": 1734025230,
                "last_deployed": 1734025230,
                "name": "web",
                "namespace": "default",
                "notes": "",
                "revision": 1,
                "values": "{\"chart-hash\":\"3d724cfdc2322885c5f7f12029a6cbd8ee23e28a\",\"graphqlHttp\":\"https://api.ai.roomiecheck.com/graphql\"}",
                "version": "1.0.0"
              }
            ],
            "name": "web",
            "namespace": "default",
            "pass_credentials": false,
            "postrender": [],
            "recreate_pods": false,
            "render_subchart_notes": true,
            "replace": false,
            "repository": null,
            "repository_ca_file": null,
            "repository_cert_file": null,
            "repository_key_file": null,
            "repository_password": null,
            "repository_username": null,
            "reset_values": true,
            "reuse_values": false,
            "set": [
              {
                "name": "chart-hash",
                "type": "",
                "value": "3d724cfdc2322885c5f7f12029a6cbd8ee23e28a"
              },
              {
                "name": "graphqlHttp",
                "type": "",
                "value": "https://api.ai.roomiecheck.com/graphql"
              }
            ],
            "set_list": [],
            "set_sensitive": [],
            "skip_crds": false,
            "status": "deployed",
            "timeout": 300,
            "upgrade_install": null,
            "values": null,
            "verify": false,
            "version": "1.0.0",
            "wait": true,
            "wait_for_jobs": false
          },
          "sensitive_attributes": [
            [
              {
                "type": "get_attr",
                "value": "repository_password"
              }
            ]
          ],
          "private": "eyJzY2hlbWFfdmVyc2lvbiI6IjEifQ==",
          "dependencies": [
            "azurerm_kubernetes_cluster.aks",
            "azurerm_resource_group.main",
            "azurerm_role_assignment.network_contributor",
            "azurerm_subnet.k8s_subnet",
            "azurerm_user_assigned_identity.user_aid",
            "azurerm_virtual_network.main_vnet",
            "local_file.kubeconfig"
          ]
        }
      ]
    },
    {
      "mode": "managed",
      "type": "helm_release",
      "name": "ws",
      "provider": "provider[\"registry.terraform.io/hashicorp/helm\"]",
      "instances": [
        {
          "schema_version": 1,
          "attributes": {
            "atomic": false,
            "chart": "./charts/ws",
            "cleanup_on_fail": false,
            "create_namespace": false,
            "dependency_update": false,
            "description": null,
            "devel": null,
            "disable_crd_hooks": false,
            "disable_openapi_validation": false,
            "disable_webhooks": false,
            "force_update": false,
            "id": "ws",
            "keyring": null,
            "lint": false,
            "manifest": null,
            "max_history": 0,
            "metadata": [
              {
                "app_version": "",
                "chart": "ws",
                "first_deployed": 1734025230,
                "last_deployed": 1734025230,
                "name": "ws",
                "namespace": "default",
                "notes": "",
                "revision": 1,
                "values": "{\"baseFrontUrl\":\"https://ai.roomiecheck.com\",\"cdnHost\":\"https://cdn.ai.roomiecheck.com\",\"chart-hash\":\"351cd8e177a1cf3f8564590f919edb8c0eef1a17\",\"corsHost\":\"https://ai.roomiecheck.com\",\"fileshareName\":\"common\",\"jwtPrivateKey\":\"-----BEGIN RSA PRIVATE KEY-----\\nMIIEpAIBAAKCAQEAtUOl3bhGF4wA3DExA/Oobf5IaP4Cf3J0D96DW7UtK0vpADP8\\n0PhQTQ7aESBRP8tqWCjWKUp2MUZoLhX5r2zOcpWG87vnAxIEyTbM7gm8rl/kJuxK\\n6V1oOFeXUfOc2PoeREkPgDUZWKvQqYraOxzR3bw3ne9wUXmH16m4eYk/d37+m2va\\n/cbdMxXgqNfIxP/EtVYYQNYSe1uZvhsFw3rKv2yKx9iel+EozIMv4DaD0pLjDabp\\nPE8OaNLlOdgIjCTfcUT6UVwZgBaLmhWNvn7BiW8dihlhdmSTfAld56E4KYWTaYL5\\nRSifBAKHI95tP0gOpncEsvTgzfOd8krjq5igaQIDAQABAoIBAGg1TO0r3Hf7EB+G\\n1EQOV31s29oode0pMppQ9TnK7f3fNUPdn3HP3/J9IFcKOkuvuSKXz4+LdGmdrZUZ\\nIyN8LS/o0N3c39F/EWtQav5KcMPa8wKBhAunnJwPlzoRENIY8T+WtSei30B//oUK\\nA65KQkj0xRCyL+NXOAZ/V0Pf6LHcQ9iP1Y9Dhj15KF88bH1Ugo/VcKpa3zQYfiEg\\n8dyHb2iadUYZ09HGo3al4vVyvyYLApkj1cwadjo1UjkPcbhYE68DHN1FUlryIboi\\ncFnh/vpR29gT9rK+CzXopKxnAwvfKBSBE0cq6W+2JIoS/ubz5pA4H70szH9osWj/\\n28EuCwECgYEA3oXdRWjjtHol0/Aghy/GW1UN8Hrvgb2TeAVG5zYsBpA5srz8lUmy\\nsbvy1WlFcLPoQhoJpirw46cjr5A52D42cbxk1o7Hs69s7FbmSmBvj9Itl4HUEp6h\\n1Y3rWoIip+TdVMFm3WtaTTrhzTHHVe9p6ph4xQAaJTOo11mNQhElhIkCgYEA0IjE\\nsFhHaq11e6d8c2jLXfjxXVYUDSoJC7eESGyCFhtHGzJH9JkhLFlwuioK3qWEjeKM\\n1USAkNj+MaF68lUUpeB6VI5nGAkYXpU284rVWJCw4QvdyzhLFSVZ/DbaBAkKQBX6\\nNIpsYoX3Uz5uPtmfapolvULA5uj443ZRR43lBOECgYEAoT/6J2kp0MfPD7TrrWsG\\nX3rUHhbH5ol9CrUwOy47Wwo6dXaTxo7gSgF7qACgDFqijPwXT+3AIAgnSPrHoBb9\\nFxBBNmXC+0e9M8qJGQ6m6V6SIT84ccG4Xmt4SF8TQ/0KEngP1ZYMmvh3Vl2jKHfU\\nlealZYR8bcbwrBU90slgGZkCgYEAtijCp8h1mhorpfiIHchM3am4LXAj09wEStfk\\nFd+zQtxRINCrSl75O2RltDlFhXfQcqCTpThRljX21iPY4hawErYkJfi+1aAcSYLO\\nna+I7fR2jh9vfzWNYMtf75F6oEvFSHXqOjswsl+TzIOcigpP1y8QCGNnXk3kG84e\\n8gJhLAECgYBO32nnQLSsns3x7HpOCHXksFqHY+zfCH+8NzzSKjYcuhrp8YBpn6Sk\\nQllhOHIg3H8YZESBwd8/8KT1mut1S6b02EQvSz2F8ShpWLSsy35B0E0zqs4Ceet7\\n0p4+qurMZ09IjX9Z0rlEBWds5638t1fgPnOYd2rpFG2iJKxHLc3ZVg==\\n-----END RSA PRIVATE KEY-----\",\"jwtPublicKey\":\"-----BEGIN PUBLIC KEY-----\\nMIIBIjANBgkqhkiG9w0BAQEFAAOCAQ8AMIIBCgKCAQEAtUOl3bhGF4wA3DExA/Oo\\nbf5IaP4Cf3J0D96DW7UtK0vpADP80PhQTQ7aESBRP8tqWCjWKUp2MUZoLhX5r2zO\\ncpWG87vnAxIEyTbM7gm8rl/kJuxK6V1oOFeXUfOc2PoeREkPgDUZWKvQqYraOxzR\\n3bw3ne9wUXmH16m4eYk/d37+m2va/cbdMxXgqNfIxP/EtVYYQNYSe1uZvhsFw3rK\\nv2yKx9iel+EozIMv4DaD0pLjDabpPE8OaNLlOdgIjCTfcUT6UVwZgBaLmhWNvn7B\\niW8dihlhdmSTfAld56E4KYWTaYL5RSifBAKHI95tP0gOpncEsvTgzfOd8krjq5ig\\naQIDAQAB\\n-----END PUBLIC KEY-----\",\"postgresDb\":\"production\",\"postgresHost\":\"postgres-service.postgres.svc.cluster.local\",\"postgresPassword\":\"fertfert123\",\"postgresPort\":5432,\"postgresUser\":\"postgres\",\"rabbitmqHost\":\"rabbitmq-service.rabbitmq.svc.cluster.local\",\"rabbitmqPassword\":\"fertfert123\",\"rabbitmqPort\":5672,\"rabbitmqUsername\":\"rabbitmq\",\"redisHost\":\"redis-service.redis.svc.cluster.local\",\"redisPassword\":\"fertfert123\",\"redisPort\":6379,\"storageAccountKey\":\"HTqD6MyubfE1C3SPiR7f6lql4tNNg/V3D1gHplb3rqpoUZQNRfuthOYAsYgOvXjT3PqCNY7Xsk7t+AStS4+V3w==\",\"storageAccountName\":\"airoomiecheckstorage\",\"storageQuota\":5,\"wsLessonBoardUri\":\"wss://ws.ai.roomiecheck.com/lesson\"}",
                "version": "1.0.0"
              }
            ],
            "name": "ws",
            "namespace": "default",
            "pass_credentials": false,
            "postrender": [],
            "recreate_pods": false,
            "render_subchart_notes": true,
            "replace": false,
            "repository": null,
            "repository_ca_file": null,
            "repository_cert_file": null,
            "repository_key_file": null,
            "repository_password": null,
            "repository_username": null,
            "reset_values": true,
            "reuse_values": false,
            "set": [
              {
                "name": "baseFrontUrl",
                "type": "",
                "value": "https://ai.roomiecheck.com"
              },
              {
                "name": "cdnHost",
                "type": "",
                "value": "https://cdn.ai.roomiecheck.com"
              },
              {
                "name": "chart-hash",
                "type": "",
                "value": "351cd8e177a1cf3f8564590f919edb8c0eef1a17"
              },
              {
                "name": "corsHost",
                "type": "",
                "value": "https://ai.roomiecheck.com"
              },
              {
                "name": "fileshareName",
                "type": "",
                "value": "common"
              },
              {
                "name": "jwtPrivateKey",
                "type": "",
                "value": "-----BEGIN RSA PRIVATE KEY-----\nMIIEpAIBAAKCAQEAtUOl3bhGF4wA3DExA/Oobf5IaP4Cf3J0D96DW7UtK0vpADP8\n0PhQTQ7aESBRP8tqWCjWKUp2MUZoLhX5r2zOcpWG87vnAxIEyTbM7gm8rl/kJuxK\n6V1oOFeXUfOc2PoeREkPgDUZWKvQqYraOxzR3bw3ne9wUXmH16m4eYk/d37+m2va\n/cbdMxXgqNfIxP/EtVYYQNYSe1uZvhsFw3rKv2yKx9iel+EozIMv4DaD0pLjDabp\nPE8OaNLlOdgIjCTfcUT6UVwZgBaLmhWNvn7BiW8dihlhdmSTfAld56E4KYWTaYL5\nRSifBAKHI95tP0gOpncEsvTgzfOd8krjq5igaQIDAQABAoIBAGg1TO0r3Hf7EB+G\n1EQOV31s29oode0pMppQ9TnK7f3fNUPdn3HP3/J9IFcKOkuvuSKXz4+LdGmdrZUZ\nIyN8LS/o0N3c39F/EWtQav5KcMPa8wKBhAunnJwPlzoRENIY8T+WtSei30B//oUK\nA65KQkj0xRCyL+NXOAZ/V0Pf6LHcQ9iP1Y9Dhj15KF88bH1Ugo/VcKpa3zQYfiEg\n8dyHb2iadUYZ09HGo3al4vVyvyYLApkj1cwadjo1UjkPcbhYE68DHN1FUlryIboi\ncFnh/vpR29gT9rK+CzXopKxnAwvfKBSBE0cq6W+2JIoS/ubz5pA4H70szH9osWj/\n28EuCwECgYEA3oXdRWjjtHol0/Aghy/GW1UN8Hrvgb2TeAVG5zYsBpA5srz8lUmy\nsbvy1WlFcLPoQhoJpirw46cjr5A52D42cbxk1o7Hs69s7FbmSmBvj9Itl4HUEp6h\n1Y3rWoIip+TdVMFm3WtaTTrhzTHHVe9p6ph4xQAaJTOo11mNQhElhIkCgYEA0IjE\nsFhHaq11e6d8c2jLXfjxXVYUDSoJC7eESGyCFhtHGzJH9JkhLFlwuioK3qWEjeKM\n1USAkNj+MaF68lUUpeB6VI5nGAkYXpU284rVWJCw4QvdyzhLFSVZ/DbaBAkKQBX6\nNIpsYoX3Uz5uPtmfapolvULA5uj443ZRR43lBOECgYEAoT/6J2kp0MfPD7TrrWsG\nX3rUHhbH5ol9CrUwOy47Wwo6dXaTxo7gSgF7qACgDFqijPwXT+3AIAgnSPrHoBb9\nFxBBNmXC+0e9M8qJGQ6m6V6SIT84ccG4Xmt4SF8TQ/0KEngP1ZYMmvh3Vl2jKHfU\nlealZYR8bcbwrBU90slgGZkCgYEAtijCp8h1mhorpfiIHchM3am4LXAj09wEStfk\nFd+zQtxRINCrSl75O2RltDlFhXfQcqCTpThRljX21iPY4hawErYkJfi+1aAcSYLO\nna+I7fR2jh9vfzWNYMtf75F6oEvFSHXqOjswsl+TzIOcigpP1y8QCGNnXk3kG84e\n8gJhLAECgYBO32nnQLSsns3x7HpOCHXksFqHY+zfCH+8NzzSKjYcuhrp8YBpn6Sk\nQllhOHIg3H8YZESBwd8/8KT1mut1S6b02EQvSz2F8ShpWLSsy35B0E0zqs4Ceet7\n0p4+qurMZ09IjX9Z0rlEBWds5638t1fgPnOYd2rpFG2iJKxHLc3ZVg==\n-----END RSA PRIVATE KEY-----"
              },
              {
                "name": "jwtPublicKey",
                "type": "",
                "value": "-----BEGIN PUBLIC KEY-----\nMIIBIjANBgkqhkiG9w0BAQEFAAOCAQ8AMIIBCgKCAQEAtUOl3bhGF4wA3DExA/Oo\nbf5IaP4Cf3J0D96DW7UtK0vpADP80PhQTQ7aESBRP8tqWCjWKUp2MUZoLhX5r2zO\ncpWG87vnAxIEyTbM7gm8rl/kJuxK6V1oOFeXUfOc2PoeREkPgDUZWKvQqYraOxzR\n3bw3ne9wUXmH16m4eYk/d37+m2va/cbdMxXgqNfIxP/EtVYYQNYSe1uZvhsFw3rK\nv2yKx9iel+EozIMv4DaD0pLjDabpPE8OaNLlOdgIjCTfcUT6UVwZgBaLmhWNvn7B\niW8dihlhdmSTfAld56E4KYWTaYL5RSifBAKHI95tP0gOpncEsvTgzfOd8krjq5ig\naQIDAQAB\n-----END PUBLIC KEY-----"
              },
              {
                "name": "postgresDb",
                "type": "",
                "value": "production"
              },
              {
                "name": "postgresHost",
                "type": "",
                "value": "postgres-service.postgres.svc.cluster.local"
              },
              {
                "name": "postgresPassword",
                "type": "",
                "value": "fertfert123"
              },
              {
                "name": "postgresPort",
                "type": "",
                "value": "5432"
              },
              {
                "name": "postgresUser",
                "type": "",
                "value": "postgres"
              },
              {
                "name": "rabbitmqHost",
                "type": "",
                "value": "rabbitmq-service.rabbitmq.svc.cluster.local"
              },
              {
                "name": "rabbitmqPassword",
                "type": "",
                "value": "fertfert123"
              },
              {
                "name": "rabbitmqPort",
                "type": "",
                "value": "5672"
              },
              {
                "name": "rabbitmqUsername",
                "type": "",
                "value": "rabbitmq"
              },
              {
                "name": "redisHost",
                "type": "",
                "value": "redis-service.redis.svc.cluster.local"
              },
              {
                "name": "redisPassword",
                "type": "",
                "value": "fertfert123"
              },
              {
                "name": "redisPort",
                "type": "",
                "value": "6379"
              },
              {
                "name": "storageAccountKey",
                "type": "",
                "value": "HTqD6MyubfE1C3SPiR7f6lql4tNNg/V3D1gHplb3rqpoUZQNRfuthOYAsYgOvXjT3PqCNY7Xsk7t+AStS4+V3w=="
              },
              {
                "name": "storageAccountName",
                "type": "",
                "value": "airoomiecheckstorage"
              },
              {
                "name": "storageQuota",
                "type": "",
                "value": "5"
              },
              {
                "name": "wsLessonBoardUri",
                "type": "",
                "value": "wss://ws.ai.roomiecheck.com/lesson"
              }
            ],
            "set_list": [],
            "set_sensitive": [],
            "skip_crds": false,
            "status": "deployed",
            "timeout": 300,
            "upgrade_install": null,
            "values": null,
            "verify": false,
            "version": "1.0.0",
            "wait": true,
            "wait_for_jobs": false
          },
          "sensitive_attributes": [
            [
              {
                "type": "get_attr",
                "value": "repository_password"
              }
            ],
            [
              {
                "type": "get_attr",
                "value": "set"
              }
            ]
          ],
          "private": "eyJzY2hlbWFfdmVyc2lvbiI6IjEifQ==",
          "dependencies": [
            "azurerm_kubernetes_cluster.aks",
            "azurerm_resource_group.main",
            "azurerm_role_assignment.network_contributor",
            "azurerm_storage_account.storage",
            "azurerm_storage_share.fileshare",
            "azurerm_subnet.k8s_subnet",
            "azurerm_user_assigned_identity.user_aid",
            "azurerm_virtual_network.main_vnet",
            "local_file.kubeconfig"
          ]
        }
      ]
    },
    {
      "mode": "managed",
      "type": "local_file",
      "name": "kubeconfig",
      "provider": "provider[\"registry.terraform.io/hashicorp/local\"]",
      "instances": [
        {
          "schema_version": 0,
          "attributes": {
            "content": "apiVersion: v1\nclusters:\n- cluster:\n    certificate-authority-data: LS0tLS1CRUdJTiBDRVJUSUZJQ0FURS0tLS0tCk1JSUU2VENDQXRHZ0F3SUJBZ0lSQU1CbDd0Q3dBZTNPNUF1UHIzdnAxMjh3RFFZSktvWklodmNOQVFFTEJRQXcKRFRFTE1Ba0dBMVVFQXhNQ1kyRXdJQmNOTWpReE1qRXlNVGN5TnpFNFdoZ1BNakExTkRFeU1USXhOek0zTVRoYQpNQTB4Q3pBSkJnTlZCQU1UQW1OaE1JSUNJakFOQmdrcWhraUc5dzBCQVFFRkFBT0NBZzhBTUlJQ0NnS0NBZ0VBCnp2SGgzQ0MzUE9VTzlwRDAyenNLbTN6TXBlOXdGUnFRS0ZoNTNWMllOeGExSkFkaUxxNzlZYngzeGlJUGpCZzAKYzlGU0dFU1NoN2E2eFBQR2V4TUkyUlJFRDd0RHp6MEdYbzU0dnZ1MGJVUDdkMTNaUmpEcDlER2NGdzlRWEp2VwpZMjdmT1gvTlJJWjJrSndQMUxNWkhqTHRRSzZGVXl2eGxvTzNUeFlRV1Y5Q0NxZmtibkdDcGhWSS9TRWtBbzNNCkhIZ293VnNLWnpCY2VBTndSSHdiYXJINkNjUkpTTU1QMUJ6RU9QQTJBTytINmc4cyt0NTgvS2pZdlBma0VDN3UKZlhyUityRzczaFhBVWtYQk5oWGN3dmF4VXBVeEs5MERuVEQ1ckxjMFg5eTAyL2dMdUJGY2NZL0ZtTmZ0R0V0NApMMkl2YTNJTTVVb0Fld0tGSHdtN0NCeUUzTHl1Q2pnZnJSOGszcHJ5UE5Oak1LWWJRa0Y5ZnlhaFEzaW1zUEJkCm9XcGx5U1M5SVF4VmhTczE1NFY4cWVDQ01DY0hUdy90NE1VOGhPcS9ONWU5a0w3bUNPZ2IrMDVsM25ZVlpnUW4KU2Q1T3VMOGRQYXNkQlNwNTN2UC9oSGZWdm5XbnA5R0Z3VFp0SHhEN0c4MGZoZlVSMjhXaFdPa3UwbVgvemFSNgpUY0pjVUJLWGFrRWdGdG1PQ21OdWdyOFYxTjU2YStlZ3puNDdyU2RWNXVjZ04ybi9XZXk2TjlIeEQrZ2FvYUJECkNKN0JGQW5jVVc0UXh3YVEyZGhuZzNzMTMwdFh5Mk5vNVpPdEZ1UytFTGc5TlJyOFZIVWU0Ymd0TW4yd2hkRFIKS2dac1d2aXR1TmZUb205UExGWWNDODN4QUlzWVFiUHloZ1ExN3Jmem1VRUNBd0VBQWFOQ01FQXdEZ1lEVlIwUApBUUgvQkFRREFnS2tNQThHQTFVZEV3RUIvd1FGTUFNQkFmOHdIUVlEVlIwT0JCWUVGTFp1VENVb3R4OFY1T3ZOClRQNDhHRzJPdWgvdk1BMEdDU3FHU0liM0RRRUJDd1VBQTRJQ0FRQzVtOEhIUmVKVnRhWi9HR3l3Szg3OFR5NUEKNS9ibjAwUEcxdkxXVjg0WlpWcnh0cFlZUE1mS21zdS9kRUQ5Y1RRNFhyYmtHNFF0TWdXL2lpNUIvZFVEaXRNSwpzMXBTZ20wNWJQc3I5R3dEN21iZjdudEV2ZGNGcEhMMXd0OFNmbU03dTlwQWtETkJveklpb2wyTGdXR2pPanFyCnAwMk0yVy9lZmVLSy9Fa0hyTDN1ZmsxNXBCSEYrTGhKL1NiZUpya2VPbHp3TXdzWjBxaUt2NEY4eHNmU0N5NkkKTG5oMVduS3kzd2Z5ZU5Ra1ladUFBVjdwR2lMSlhabjAxR2FXUGdsUlV5ZnpINk0rR3FQZ0NEdWhUNm5DcklLZQpEV29hQ0JlZjhmaGxaMm5xSzhLcG1MMFdtdkx0UzRvTlB5akZkMFRkNWhBczRwTHN5R3FGZTNZQldZbXIvZXF5CmEzZTJnRW1rUUhqM0NwRUxIUVhXaUNGcFMxK0ZpbGtIV3pyOGxjOGhrUnJ6SW5wa0dLSW1SQVM1YWMrbjJQMkEKbEpOdlBLekplM0ZZbjR2UHovVTBFVjFQK1RTM1F0cmN0VG1qOHhVV1ptbm5yM3A0azBzOEN6eVJnTnZ5YjZacwppNkJaYjRZWDZkUS9wcUtvOHFPU2UrTXZkcDBJbStFbjh4UThkUnF4eVdJT08wUUI3UU9YQjdQbWF1ZU1qRTlOClVSbEJFWGUrSHgycXZpK2htdjVJVDhwR0FpYnUrY2lCNGQ0NzNqMVBQN1I2QWZGVm93YWl0Z3VFM1dNNDJWczYKblcwK3pvV3JBN2I3enlSeTZUbFk3YXNvRnc5dUpVeEs3VGJXbC9iemlBUFVLQ3ByQXZpeWUzSEsxWlR2R0wvYgprelJGSUZxZC94Ym8xRzZiZFE9PQotLS0tLUVORCBDRVJUSUZJQ0FURS0tLS0tCg==\n    server: https://aks-w4q3rc8f.hcp.uksouth.azmk8s.io:443\n  name: aks\ncontexts:\n- context:\n    cluster: aks\n    user: clusterUser_ai-roomiecheck_aks\n  name: aks\ncurrent-context: aks\nkind: Config\npreferences: {}\nusers:\n- name: clusterUser_ai-roomiecheck_aks\n  user:\n    client-certificate-data: LS0tLS1CRUdJTiBDRVJUSUZJQ0FURS0tLS0tCk1JSUZIVENDQXdXZ0F3SUJBZ0lRRjJnUmJYUW9ZcFFjKzM1bmt6bk1NREFOQmdrcWhraUc5dzBCQVFzRkFEQU4KTVFzd0NRWURWUVFERXdKallUQWVGdzB5TkRFeU1USXhOekkzTVRoYUZ3MHlOakV5TVRJeE56TTNNVGhhTURBeApGekFWQmdOVkJBb1REbk41YzNSbGJUcHRZWE4wWlhKek1SVXdFd1lEVlFRREV3eHRZWE4wWlhKamJHbGxiblF3CmdnSWlNQTBHQ1NxR1NJYjNEUUVCQVFVQUE0SUNEd0F3Z2dJS0FvSUNBUURXVkMwRFcxUzltNTU5TGFub2hiZTYKamdJU0l0RUxrUVpBc3FSV1VpWTB3alhRWnBKem1mMkVlT3JFUytFQ0p3Qk9kY1Z5bHJSVVMydnlhMjJjRGN1VgprYzRqWWViQ21OcUhRWVFpRi9uS3VZU05iaFZkYUx1cjB6NmVnajN6aTlUSXNkWUp0Z1g4MHRudUdlcEhIS21QClE3OEVDVkJWUi9US0pNODJpcWJwa0FKdnFGWGFuZEdVbGp2SytWcnVyQnV4cGl2OW53OWFlZkR0WkJPTVhuOEUKNU1hNXNYUFYwUFBNNFBvZUdhcmlGMzV1VXYrZmRxeUZ1SjcyVEhtQlVibEJxNWtNVnRXV1UyRm9BVm5TaGtKaQoyRDF1bXg3OUgwT0s1Q0ZNdDRGRXFVOTg1QTNBSjFJQ2tpeEVJeG4vNnpYcVIyUUNYdmd6clUvVWxGaUJOWnI4CnFFR25WbTRnbjZYaEdBWEI5NVN6c3ZDbnoveDRBVVZ4clRXeisxdjdWOFIxUTdBd212MjZhZTUvK1l1WE5pSVQKajJJQU44Y2Z6UzNTNkJjbGNRbEVHYzBFdnR3bVlES2UrZWY5V3dRZDRNOVl3MmI5OEdIamJ6KzFUQTkxK3hZRgo5b1hIbnV5L1dJcG9SYjRvV2NGcGZSR2NzT3h5d0IxU042R0E2LzBGWHExb3pFdUloeTNDTnMwcW8zRDZlZ2llCkhzTTBXU2FMdjE5UEgxc3pMYUl5ZFZFVnNDR1pCZ2crTkhMcmh1S3ZLSTRuVWkreFE5cnJ0U2d2dUJLcU1aaW8Ka0RSLzVlU0ErMmJKWGNFTDdJL2FwZHQwQ1o0U3VHTFlZaXMxS3kvQXduSWlIaGp1MmZ3S21HKzRkUlJhYnZMbgpwVkJ5cVR6S01MblJFSTNOVUphdWV3SURBUUFCbzFZd1ZEQU9CZ05WSFE4QkFmOEVCQU1DQmFBd0V3WURWUjBsCkJBd3dDZ1lJS3dZQkJRVUhBd0l3REFZRFZSMFRBUUgvQkFJd0FEQWZCZ05WSFNNRUdEQVdnQlMyYmt3bEtMY2YKRmVUcnpVeitQQmh0anJvZjd6QU5CZ2txaGtpRzl3MEJBUXNGQUFPQ0FnRUFIMFYzR2ljSi9lZzdvUU9QNW96eQp2SkNjNzVoZ1krTm9qb3hCTkhGWlMydUdHSTVNZVdIR1FHeGsyTldZZVR0OXJjVXBZNjZFK3pGRkZDc1BFQVQ1Clo3UlUrVjBZQThEUEJoUTFxYnRUSXBrRERabHlEcHZLUVBaa1JvUVJPQ3VGU2sxRi9LbnJudWMvdHNRK05wOXoKWmFpcVVsd2hKcHk3YVN6S2pSdWQwNXlhSVRhZ1JNV1g2WFI3RUZXcDd0QjFHTkZqQ3dOeGdUYXZvK1UxQTZQdgo0TXNybU5ld051eFBSblVWVHp5VS9udlA0d2IxMkl4WnpoYXRQMVJ4WWcyTGtHQXBaV3dKWktIMEhUVUhrcGZyCml5dlVPQ0pqdzBPdDFRTTRFSFJ2ci9lcUdKWHNJZUZNQTFhQ1ZpK0FJamIyYUpRTGc3QzRFZ2U3VjAzeFJDUWYKcDZuVVhHRXhwN3M3eVJzQVNpZGlxdnk2WUhOd3dxdUxhc2ttYW84V3Iwa3I2dlluQXJpMDd2NEdGS0dwWWdTWAo3M2NCNkxLMzZuZFZBdFJQNFNzeHhKd25odStVazcya0c2UGM0OXhHV1FpUjRMQWhKdTNOeDlRRzJDNTA5T1JoCjVGZmJ1aHNXNzU2a1YvNzhydTJtK3YzazlaUmRpb05kdm50M3ozdGNNSXlwM2sraFhLWHhpWktIUFl5aEpyNU0KYnBzYmNZMWh6SG9Yd2sxQVBIbFBrYU5yeU9kLzh4NFlML01CMG1Nc3B2VTBuZCtma2Nxbzd1RUxwS1c1YXQwbgpmMkRvUXI5Q01GWDhselpCSHJFVTZHeXdROTJoTHYzVWMxUlRpMDRuUGpzN1ozQjA2Rm9LZHVEN1pRRW1NNzhuCkdDSktQV1UzSFRvdEtxS2tUN1E2YkJBPQotLS0tLUVORCBDRVJUSUZJQ0FURS0tLS0tCg==\n    client-key-data: LS0tLS1CRUdJTiBSU0EgUFJJVkFURSBLRVktLS0tLQpNSUlKS0FJQkFBS0NBZ0VBMWxRdEExdFV2WnVlZlMycDZJVzN1bzRDRWlMUkM1RUdRTEtrVmxJbU5NSTEwR2FTCmM1bjloSGpxeEV2aEFpY0FUblhGY3BhMFZFdHI4bXR0bkEzTGxaSE9JMkhtd3BqYWgwR0VJaGY1eXJtRWpXNFYKWFdpN3E5TStub0k5ODR2VXlMSFdDYllGL05MWjdobnFSeHlwajBPL0JBbFFWVWYweWlUUE5vcW02WkFDYjZoVgoycDNSbEpZN3l2bGE3cXdic2FZci9aOFBXbm53N1dRVGpGNS9CT1RHdWJGejFkRHp6T0Q2SGhtcTRoZCtibEwvCm4zYXNoYmllOWt4NWdWRzVRYXVaREZiVmxsTmhhQUZaMG9aQ1l0ZzlicHNlL1I5RGl1UWhUTGVCUktsUGZPUU4Kd0NkU0FwSXNSQ01aLytzMTZrZGtBbDc0TTYxUDFKUllnVFdhL0toQnAxWnVJSitsNFJnRndmZVVzN0x3cDgvOAplQUZGY2EwMXMvdGIrMWZFZFVPd01Kcjl1bW51Zi9tTGx6WWlFNDlpQURmSEg4MHQwdWdYSlhFSlJCbk5CTDdjCkptQXludm5uL1ZzRUhlRFBXTU5tL2ZCaDQyOC90VXdQZGZzV0JmYUZ4NTdzdjFpS2FFVytLRm5CYVgwUm5MRHMKY3NBZFVqZWhnT3Y5QlY2dGFNeExpSWN0d2piTktxTncrbm9Jbmg3RE5Ga21pNzlmVHg5Yk15MmlNblZSRmJBaAptUVlJUGpSeTY0YmlyeWlPSjFJdnNVUGE2N1VvTDdnU3FqR1lxSkEwZitYa2dQdG15VjNCQyt5UDJxWGJkQW1lCkVyaGkyR0lyTlNzdndNSnlJaDRZN3RuOENwaHZ1SFVVV203eTU2VlFjcWs4eWpDNTBSQ056VkNXcm5zQ0F3RUEKQVFLQ0FnQVo4bXJZb3kvcEhIUGRkNi9BSktBUGg2MmNnSGFLVGU1UjJzNm1YSitmZDN1SVZVS1ptQ1RtNnJTUgpPeFpzYWtoUk4xVEdBSlNvTjlGRHNkbTlNTFphenlJRGlwQ2pNbG9TVWM0clNuZkZJUng0K3NDL1pEU0VJcmpMCis3eUFSWWRuSEpCcThJeGRCVEc0NzQ0N09hOFZWd0JDL3RXbzNXTTNMYW1nVXJ6T1BjN3RzWlZqT0FQdFZ4cTYKQWVJT1R1dXpZQWluVmFCSU5jY0RGa0IvbDlrTXdKMkdVWU5TZVU5cW1EbnZkdkFIR3cwRlVpcjhKU1BSdEg0YQpGendHZWR4UnBQS01XZDdWcWhaNnZ0OGU2MzRSOVZmS2tpRDRSOWFuYytMTUpOTVRldVBTbk5GRlYvMUhybWFKCmdTNWVteDBWMWJxM3hzT0pqZ3ZDRW90OGFQN3dLcDl1bnNCcnlFUzVwZko1ZEszTG45MS9BdmtOL1hNSGJVeTUKTHRqaHVkVitWcjY3RzBGRXpKYnRrclhCU01RcS8vQU5kOHE0TzNySmZqaEUyM2JnZ3FPNFZwNDlHOG1sUHVsQwpsUGJnMUpLUHlLc0lVUnNUWkxCbnAzWTFmaURyT2gxTnRrRGZsYnBGNFFXcGJLZEVVSmhnWDdhamIwVFAvMytqCktLSGNZSnlPc0JzblFFQ2dGaHBibGpLNGl3NU9maTJEQ0J6dUhQTWh6c2dvVTVpRmd4SUp1ODgrb1lsUDNuZTIKdUlScEVIZldnV1JTZFlsZkp1bE9VUTJoVWxtVzJ1eERxRkc4aVdNVThGVnJuUHc2ZE9qb3IrQWFYZTVOWS9DYQpGRVdNTE52eVZsbFVPanJ6UStnNHRRZGNCTkN0dGc2dnhGQmlKM0lkYTF2MnM4UUhjUUtDQVFFQStrYUxGa0tKCjNESzEwQ283K3VTSHpiWWwrU2IrMjJxZEJVVDVzRUdpVDdoalpMVlZHUmx6QWFrakpKVUNVbFRYRTJhTW9xQkYKdDFNMkNya0tsZzNQRmU4NjN5VTYxYks5L2Q4Zm5MNHJiU2pTRUp4bm1BaVdoYXFYcEV6V2hYYU9aMHJZck5VMAowcTJLUnUyWGZwR3NFSXdCTDBIZDJXVGIwc012YnV0MkFuSFFoM0hYNzZLUUR6eWhSTjdKL004cGsyNFYxL29ZCllvZlZsNWw5Q3RwREVHdFNOb0ZscVZ1SVFIWUt6TFJGSVQvRWpRblNaZW1rRXFpVktlaDJsQUxDKzB4VlN2K2IKbWxFcnpGemUvYjl0blVNTldubEdudGk4MTU0djhxTnAwNGZISjJ1OXhtYXhHeE9OOUFYM3UwRnlDdytuaFd4MgpjUmg2bXZZbXZzdmNUUUtDQVFFQTJ6c21vbXRrN0JiQzZQMnVKMDIvOFpVbG0zWkJ3MGZ0TzNUZjNYWFdFblpJCjJFeHVZakczVDZEZFExWFU0NkF6UUxVaFg1VjFxcUg4aUtUdFBWYVQ0STlKSHZBS1FmRFhldlFhWlg1NzdHa0QKNm9WZ2RNTS9IQzZ4SGJyWkkvbmx6OS9pUDBENTR1eE5tRGtZQ3BoeDNHWVZtVkVxMENCUm1idHpHZW40Rk1Qbwo2YnhaSzNTNlMxMmhiQXhqekxOdm44b0RTTFdDbUorQUxnN0t1c3E5SXZXOTNaNlN0emNtNUZIa3FBTGVTWjNMCk5WZlN6ZENhcmNiZlZkUnRETTliTlN0VGIyczVqc2tpVkhZTmZoVElvZ0pnVmEwbGVkMWdVeTZzWldrR3BFL2sKQlZZTjY2b1VxNlYwZTRFWElQMFRDYkFOazNNeEdhVHNjeGgwa016NTV3S0NBUUJ5VysyTi9GVjJFbzNWVXBjWgpxM2NLWG1LM21FUDRDcDA1SFMxaWhuc2VKa2owYVk4NjZ0QU1RRGJZcm1YakxQVWgza2dBdjI5YnQyQUlRa2srCkM0MUdub3V1RHhyMUxybDEyWkJlVk44UEFBb01vUXNOQTArVVFFRU9TRFgxd2hpTHhqMS9xK1I1SitiNVJmTmwKV0RiaFVMZngyZ3ovR3dEL0swVHZVQlFhUmR0ZEtIM2M5OUVQeFVxRFo3R3dIUkVJVnRNUVh5enBTTndtYTNJaApsVjN6a0xaK1JWNG9wclI1ai9hYlZ2d0hsMVcraEhCcE5QdE5zMDZGV2IxbElHWHI0aE5QTThEc0lJNzgwS3JzCkU1NklyMnpZbkhYU2U0SyttMytaUldaRHk5VUtoRWF3ODVlVm9iZkplemlaamV3SWRkeThNTFZtTkNOQno1d2cKcnBJNUFvSUJBQkpOSXRHR1E1dU4zdUdTWTlwMkhDTHZ2MzcxNVZHSERKL2RCdDgyK2hMNmV1UkxwUjlmWlIwcApvYThBV0ZCVVRGTUhpK3l0em0vYksvakFRK25OODNSWW9kTUtXT0RlV1M2emVBeW0vWE5qNU9iTUVaeE52RlArCjlkdzBmL0lINTQ1dDh6WXlsMm5CTGswWjN3N3JZUDMwSzdOcjJqWWJySlEzMk1qK0JpNjltQkVESHpLSWdSRFAKbFMwdTc1bmtGTnB6QThrckZlYmwwYzZHZjVnT1dyR3pjQkV6THE1SzFWMVVGTkdOdzc3RGhIWkVpWjJTMzRiSQpSbGFrOENHVW9kbVRiMWlxeTloR3BDNEcyT09BbXFzanBhVWhXaktOTDRCaU1oUVpLMnZHRzVQeWRpRUpSc1o1CmZucmM4UEJaRUNETDZLWTVoSXpPZnNxdzdQSTFtbHNDZ2dFQkFPUzJVYmlqd3hVVEg1SzU0MDRzRW01T0txb0IKMkswa0JaOTZ5WkNHZlRwanZLVHViUmE0SVlDZFVmc1RzT2RDTHVhT2R5WkhVZkFGUXN6OTFOdVdRUkxNdGNGLwp6aTUvR01DcnJNa1MzN2FCMzRJZ29NSGQyRlhTSHI3cmxCNmU2MVNCSVpGU3lIUlBQZWo3M3I1V1JJak5sQW9tCk0vTXdXMFN1Wk9oeHdYeW5kaFowWXBic01YbHo4cUp2a2trUHpLdzhiYjd1V2VwZG91d2JLUnU4TkFxRUN5NGwKSjgwZXBrY1hYaGNVWEJDclBxakd5VUR4U3VRQjdMejhFOERuRWlBK28rUDNoQ3QwaEt5S3RHWHVkMU5CdXJnNApsNW9jeXNiTTBoeW9pME9IT1NvS3VsMnExQTlFWnpFUG11dUIwWFE0QlYxT3ZtVVFSM2lNSzJDRGVKWT0KLS0tLS1FTkQgUlNBIFBSSVZBVEUgS0VZLS0tLS0K\n    token: 5o68qtca6sd3uyv30tashsxoxk4ufmgw2qep7tlo9sff4udhc5pbwandfkmrfc2fm072nx37sbbx11ut7k6cu24ugbtibu4phr94idvnkmu8ba68f9sf373fl2s5fvms\n",
            "content_base64": null,
            "content_base64sha256": "s+im6hibvYdsReHxSTPD09LD+Q0NEJidE27+yvMPElk=",
            "content_base64sha512": "Yd8SHimYqNm4yR4GR3Np8RLzgNWWiq3wfhbkOgt264GM9nFsrZMYi3cfMOJyfjyeCBW++Ry8CFM76UzfXsDqeg==",
            "content_md5": "02d173ff34fcbfefbc4ed4ffa71765b6",
            "content_sha1": "6de93a2d1e504b22e9397adff6fa375c5998e0ab",
            "content_sha256": "b3e8a6ea189bbd876c45e1f14933c3d3d2c3f90d0d10989d136efecaf30f1259",
            "content_sha512": "61df121e2998a8d9b8c91e06477369f112f380d5968aadf07e16e43a0b76eb818cf6716cad93188b771f30e2727e3c9e0815bef91cbc08533be94cdf5ec0ea7a",
            "directory_permission": "0777",
            "file_permission": "0777",
            "filename": "./.tmp/kubeconfig.yaml",
            "id": "6de93a2d1e504b22e9397adff6fa375c5998e0ab",
            "sensitive_content": null,
            "source": null
          },
          "sensitive_attributes": [
            [
              {
                "type": "get_attr",
                "value": "content"
              }
            ],
            [
              {
                "type": "get_attr",
                "value": "sensitive_content"
              }
            ]
          ],
          "dependencies": [
            "azurerm_kubernetes_cluster.aks",
            "azurerm_resource_group.main",
            "azurerm_role_assignment.network_contributor",
            "azurerm_subnet.k8s_subnet",
            "azurerm_user_assigned_identity.user_aid",
            "azurerm_virtual_network.main_vnet"
          ]
        }
      ]
    }
  ],
  "check_results": null
}
